
Microsoft Visual Studio Solution File, Format Version 12.00
# Visual Studio 14
VisualStudioVersion = 14.0.24720.0
MinimumVisualStudioVersion = 10.0.40219.1
Project("{FAE04EC0-301F-11D3-BF4B-00C04F79EFBC}") = "ScrumFactory.Windows", "ScrumFactory.Windows\ScrumFactory.Windows.csproj", "{F507F2DA-4622-4737-ABBB-D6DE37BAA80F}"
	ProjectSection(ProjectDependencies) = postProject
		{0E24AEAC-DCC0-4BDD-BA66-93DD236E752C} = {0E24AEAC-DCC0-4BDD-BA66-93DD236E752C}
		{76E4C6B7-C2DB-4C39-B684-FAFA3E14EF4B} = {76E4C6B7-C2DB-4C39-B684-FAFA3E14EF4B}
	EndProjectSection
EndProject
Project("{FAE04EC0-301F-11D3-BF4B-00C04F79EFBC}") = "ScrumFactory.Composition", "ScrumFactory.Composition\ScrumFactory.Composition.csproj", "{B08DBAD5-F222-42F7-A277-7C83DAD4596F}"
EndProject
Project("{FAE04EC0-301F-11D3-BF4B-00C04F79EFBC}") = "ScrumFactory", "ScrumFactory\ScrumFactory.csproj", "{B73E8E5E-4C76-4663-8E6F-51E069ECBDE1}"
EndProject
Project("{FAE04EC0-301F-11D3-BF4B-00C04F79EFBC}") = "ScrumFactory.Services", "ScrumFactory.Services\ScrumFactory.Services.csproj", "{8C02F064-7935-460A-89AA-A77B8511874C}"
EndProject
Project("{FAE04EC0-301F-11D3-BF4B-00C04F79EFBC}") = "ScrumFactory.Services.Clients", "ScrumFactory.Services.Clients\ScrumFactory.Services.Clients.csproj", "{B75FCD82-56EA-4896-97C3-3FF8D2FBB48A}"
EndProject
Project("{FAE04EC0-301F-11D3-BF4B-00C04F79EFBC}") = "ScrumFactory.Services.Web", "ScrumFactory.Services.Web\ScrumFactory.Services.Web.csproj", "{F6851722-B036-4747-9312-2365ABCC3B62}"
EndProject
Project("{FAE04EC0-301F-11D3-BF4B-00C04F79EFBC}") = "ScrumFactory.Services.Logic", "ScrumFactory.Services.Logic\ScrumFactory.Services.Logic.csproj", "{BFAF8820-777C-4B38-9AB1-41735825A0B7}"
EndProject
Project("{2150E333-8FDC-42A3-9474-1A3956D46DE8}") = "Solution Items", "Solution Items", "{C6CDFCB9-ADEB-479E-886F-07DDD7776FE8}"
	ProjectSection(SolutionItems) = preProject
		Local.testsettings = Local.testsettings
		ScrumFactory.vsmdi = ScrumFactory.vsmdi
		TraceAndTestImpact.testsettings = TraceAndTestImpact.testsettings
	EndProjectSection
EndProject
Project("{FAE04EC0-301F-11D3-BF4B-00C04F79EFBC}") = "ScrumFactory.Data", "ScrumFactory.Data\ScrumFactory.Data.csproj", "{53B25F33-56FD-4068-9591-F0309FF70E6B}"
EndProject
Project("{FAE04EC0-301F-11D3-BF4B-00C04F79EFBC}") = "ScrumFactory.Data.Sql", "ScrumFactory.Data.Sql\ScrumFactory.Data.Sql.csproj", "{45EB2927-E864-429E-83A7-7AE187EA3C93}"
EndProject
Project("{2150E333-8FDC-42A3-9474-1A3956D46DE8}") = "Data", "Data", "{FB5B0D44-C157-4B9D-B475-C652414650D2}"
EndProject
Project("{2150E333-8FDC-42A3-9474-1A3956D46DE8}") = "Modules", "Modules", "{57C1AD94-610B-4EB4-A56C-01308C0A5C66}"
EndProject
Project("{2150E333-8FDC-42A3-9474-1A3956D46DE8}") = "Services", "Services", "{4A9D435E-DE4B-4C3D-BFED-521FB1C29405}"
EndProject
Project("{2150E333-8FDC-42A3-9474-1A3956D46DE8}") = "Shell", "Shell", "{14780052-C3A8-4A47-A221-09744AE53C54}"
EndProject
Project("{2150E333-8FDC-42A3-9474-1A3956D46DE8}") = "Projects", "Projects", "{A47B6570-AE99-4833-931D-F303F29848F6}"
EndProject
Project("{FAE04EC0-301F-11D3-BF4B-00C04F79EFBC}") = "ScrumFactory.Backlog", "ScrumFactory.Backlog\ScrumFactory.Backlog.csproj", "{0E24AEAC-DCC0-4BDD-BA66-93DD236E752C}"
EndProject
Project("{2150E333-8FDC-42A3-9474-1A3956D46DE8}") = "Backlog", "Backlog", "{D441BDE7-3167-4062-8FF2-EF7F3A8DA335}"
EndProject
Project("{FAE04EC0-301F-11D3-BF4B-00C04F79EFBC}") = "System.ComponentModel.Composition.Extensions", "System.ComponentModel.Composition.Extensions\System.ComponentModel.Composition.Extensions.csproj", "{8ECDEED1-329A-40BF-9E37-DAA1AEADF555}"
EndProject
Project("{FAE04EC0-301F-11D3-BF4B-00C04F79EFBC}") = "ScrumFactory.Windows.Helpers", "ScrumFactory.Windows.Helpers\ScrumFactory.Windows.Helpers.csproj", "{372804EF-BB1E-4B18-ACCB-4776EA590258}"
EndProject
Project("{2150E333-8FDC-42A3-9474-1A3956D46DE8}") = "Team", "Team", "{CA2330BB-4885-44B3-AC3F-0C0BDE1943A4}"
EndProject
Project("{2150E333-8FDC-42A3-9474-1A3956D46DE8}") = "Login", "Login", "{003FD1F7-15A8-46E4-9CB5-2367DDA47574}"
EndProject
Project("{FAE04EC0-301F-11D3-BF4B-00C04F79EFBC}") = "ScrumFactory.Login", "ScrumFactory.Login\ScrumFactory.Login.csproj", "{202FA2EE-C610-4E2C-8EE0-65A9CFD04563}"
EndProject
Project("{2150E333-8FDC-42A3-9474-1A3956D46DE8}") = "Tasks", "Tasks", "{59C93E80-7A11-4B4B-B62A-26D40FDAE7E7}"
EndProject
Project("{FAE04EC0-301F-11D3-BF4B-00C04F79EFBC}") = "ScrumFactory.Tasks", "ScrumFactory.Tasks\ScrumFactory.Tasks.csproj", "{896EFDCD-9E4D-4D79-96D3-C5B06DDD4D08}"
EndProject
Project("{2150E333-8FDC-42A3-9474-1A3956D46DE8}") = "Reports", "Reports", "{84EAF85E-0730-40EE-9033-F49896F46E52}"
EndProject
Project("{FAE04EC0-301F-11D3-BF4B-00C04F79EFBC}") = "ScrumFactory.Reports", "ScrumFactory.Reports\ScrumFactory.Reports.csproj", "{120E14AC-2439-4C21-B7D2-45359CC23893}"
EndProject
Project("{2150E333-8FDC-42A3-9474-1A3956D46DE8}") = "Proposals", "Proposals", "{61A4CAA3-D7E8-4BA2-89B2-16A1B9855CB2}"
EndProject
Project("{FAE04EC0-301F-11D3-BF4B-00C04F79EFBC}") = "ScrumFactory.Proposals", "ScrumFactory.Proposals\ScrumFactory.Proposals.csproj", "{715627F7-FD23-4B4C-B0B0-277FB34D8F60}"
EndProject
Project("{2150E333-8FDC-42A3-9474-1A3956D46DE8}") = "Risks", "Risks", "{DED24212-F707-472A-81E2-FF6C9B1AA08E}"
EndProject
Project("{FAE04EC0-301F-11D3-BF4B-00C04F79EFBC}") = "ScrumFactory.Risks", "ScrumFactory.Risks\ScrumFactory.Risks.csproj", "{7D063F93-F8FB-4958-8670-0C2B405595F9}"
EndProject
Project("{FAE04EC0-301F-11D3-BF4B-00C04F79EFBC}") = "ScrumFactory.Tasks.Test", "ScrumFactory.Tasks.Test\ScrumFactory.Tasks.Test.csproj", "{A90C4C97-D9B0-428D-96DB-545358714D29}"
EndProject
Project("{FAE04EC0-301F-11D3-BF4B-00C04F79EFBC}") = "ScrumFactory.Test", "ScrumFactory.Test\ScrumFactory.Test.csproj", "{90DD15A5-7A7A-493C-B848-2974A0AA2C26}"
EndProject
Project("{FAE04EC0-301F-11D3-BF4B-00C04F79EFBC}") = "ScrumFactory.Backlog.Test", "ScrumFactory.Backlog.Test\ScrumFactory.Backlog.Test.csproj", "{43B63F5E-7824-45E8-A81B-7D01BC569BAD}"
EndProject
Project("{FAE04EC0-301F-11D3-BF4B-00C04F79EFBC}") = "ScrumFactory.Risks.Test", "ScrumFactory.Risks.Test\ScrumFactory.Risks.Test.csproj", "{CF8CF539-AC9C-4D41-8FB6-4626902B69A3}"
EndProject
Project("{FAE04EC0-301F-11D3-BF4B-00C04F79EFBC}") = "ScrumFactory.Projects", "ScrumFactory.Projects\ScrumFactory.Projects.csproj", "{76E4C6B7-C2DB-4C39-B684-FAFA3E14EF4B}"
EndProject
Project("{FAE04EC0-301F-11D3-BF4B-00C04F79EFBC}") = "ScrumFactory.Team", "ScrumFactory.Team\ScrumFactory.Team.csproj", "{697400DF-E733-48C6-98F0-231E1C76C12B}"
EndProject
Project("{FAE04EC0-301F-11D3-BF4B-00C04F79EFBC}") = "ScrumFactory.Team.Test", "ScrumFactory.Team.Test\ScrumFactory.Team.Test.csproj", "{0B82DDF6-8EAF-4709-9EAE-668BF07B504F}"
EndProject
Project("{FAE04EC0-301F-11D3-BF4B-00C04F79EFBC}") = "ScrumFactory.ReportHelper", "ScrumFactory.ReportHelper\ScrumFactory.ReportHelper.csproj", "{38727240-FDAF-4085-B278-6DE3841428A0}"
EndProject
Project("{2150E333-8FDC-42A3-9474-1A3956D46DE8}") = "Artifacts", "Artifacts", "{636F0318-43DF-4374-A5B0-BA7B15CDAA69}"
EndProject
Project("{FAE04EC0-301F-11D3-BF4B-00C04F79EFBC}") = "ScrumFactory.Artifacts", "ScrumFactory.Artifacts\ScrumFactory.Artifacts.csproj", "{19030D7B-7C59-4A57-AEE1-E1E2107F359C}"
EndProject
Project("{2150E333-8FDC-42A3-9474-1A3956D46DE8}") = "HelpDesk", "HelpDesk", "{E2480416-A79F-431D-AA92-4173E852B917}"
EndProject
Project("{FAE04EC0-301F-11D3-BF4B-00C04F79EFBC}") = "ScrumFactory.HelpDeskPlugin", "ScrumFactory.HelpDeskPlugin\ScrumFactory.HelpDeskPlugin.csproj", "{8C9D80DB-0E03-4B26-AB73-093533AA9610}"
EndProject
Project("{2150E333-8FDC-42A3-9474-1A3956D46DE8}") = "ProjectContraints", "ProjectContraints", "{5DF199BB-1204-4915-9804-520C17F76B57}"
EndProject
Project("{FAE04EC0-301F-11D3-BF4B-00C04F79EFBC}") = "ScrumFactory.ProjectConstraints", "ScrumFactory.ProjectContraints\ScrumFactory.ProjectConstraints.csproj", "{FDE29226-F8CD-478A-BE61-A8CC52D2A54F}"
EndProject
Project("{2150E333-8FDC-42A3-9474-1A3956D46DE8}") = "FactoryServerConfiguration", "FactoryServerConfiguration", "{227C03A3-4BFF-4C22-9964-81ACDB4BC033}"
EndProject
Project("{FAE04EC0-301F-11D3-BF4B-00C04F79EFBC}") = "ScrumFactory.FactoryServerConfiguration", "ScrumFactory.FactoryServerConfiguration\ScrumFactory.FactoryServerConfiguration.csproj", "{0B787532-78F5-4D8C-A457-9ED56B59F323}"
EndProject
Global
	GlobalSection(Performance) = preSolution
		HasPerformanceSessions = true
	EndGlobalSection
	GlobalSection(SolutionConfigurationPlatforms) = preSolution
		Debug|Any CPU = Debug|Any CPU
		Debug|Mixed Platforms = Debug|Mixed Platforms
		Debug|x86 = Debug|x86
		Release|Any CPU = Release|Any CPU
		Release|Mixed Platforms = Release|Mixed Platforms
		Release|x86 = Release|x86
	EndGlobalSection
	GlobalSection(ProjectConfigurationPlatforms) = postSolution
		{F507F2DA-4622-4737-ABBB-D6DE37BAA80F}.Debug|Any CPU.ActiveCfg = Debug|x86
		{F507F2DA-4622-4737-ABBB-D6DE37BAA80F}.Debug|Any CPU.Build.0 = Debug|x86
		{F507F2DA-4622-4737-ABBB-D6DE37BAA80F}.Debug|Mixed Platforms.ActiveCfg = Debug|x86
		{F507F2DA-4622-4737-ABBB-D6DE37BAA80F}.Debug|Mixed Platforms.Build.0 = Debug|x86
		{F507F2DA-4622-4737-ABBB-D6DE37BAA80F}.Debug|x86.ActiveCfg = Debug|x86
		{F507F2DA-4622-4737-ABBB-D6DE37BAA80F}.Debug|x86.Build.0 = Debug|x86
		{F507F2DA-4622-4737-ABBB-D6DE37BAA80F}.Release|Any CPU.ActiveCfg = Release|x86
		{F507F2DA-4622-4737-ABBB-D6DE37BAA80F}.Release|Any CPU.Build.0 = Release|x86
		{F507F2DA-4622-4737-ABBB-D6DE37BAA80F}.Release|Mixed Platforms.ActiveCfg = Release|x86
		{F507F2DA-4622-4737-ABBB-D6DE37BAA80F}.Release|Mixed Platforms.Build.0 = Release|x86
		{F507F2DA-4622-4737-ABBB-D6DE37BAA80F}.Release|x86.ActiveCfg = Release|x86
		{F507F2DA-4622-4737-ABBB-D6DE37BAA80F}.Release|x86.Build.0 = Release|x86
		{B08DBAD5-F222-42F7-A277-7C83DAD4596F}.Debug|Any CPU.ActiveCfg = Debug|Any CPU
		{B08DBAD5-F222-42F7-A277-7C83DAD4596F}.Debug|Any CPU.Build.0 = Debug|Any CPU
		{B08DBAD5-F222-42F7-A277-7C83DAD4596F}.Debug|Mixed Platforms.ActiveCfg = Debug|Any CPU
		{B08DBAD5-F222-42F7-A277-7C83DAD4596F}.Debug|Mixed Platforms.Build.0 = Debug|Any CPU
		{B08DBAD5-F222-42F7-A277-7C83DAD4596F}.Debug|x86.ActiveCfg = Debug|Any CPU
		{B08DBAD5-F222-42F7-A277-7C83DAD4596F}.Release|Any CPU.ActiveCfg = Release|Any CPU
		{B08DBAD5-F222-42F7-A277-7C83DAD4596F}.Release|Any CPU.Build.0 = Release|Any CPU
		{B08DBAD5-F222-42F7-A277-7C83DAD4596F}.Release|Mixed Platforms.ActiveCfg = Release|Any CPU
		{B08DBAD5-F222-42F7-A277-7C83DAD4596F}.Release|Mixed Platforms.Build.0 = Release|Any CPU
		{B08DBAD5-F222-42F7-A277-7C83DAD4596F}.Release|x86.ActiveCfg = Release|Any CPU
		{B73E8E5E-4C76-4663-8E6F-51E069ECBDE1}.Debug|Any CPU.ActiveCfg = Debug|Any CPU
		{B73E8E5E-4C76-4663-8E6F-51E069ECBDE1}.Debug|Any CPU.Build.0 = Debug|Any CPU
		{B73E8E5E-4C76-4663-8E6F-51E069ECBDE1}.Debug|Mixed Platforms.ActiveCfg = Debug|Any CPU
		{B73E8E5E-4C76-4663-8E6F-51E069ECBDE1}.Debug|Mixed Platforms.Build.0 = Debug|Any CPU
		{B73E8E5E-4C76-4663-8E6F-51E069ECBDE1}.Debug|x86.ActiveCfg = Debug|Any CPU
		{B73E8E5E-4C76-4663-8E6F-51E069ECBDE1}.Release|Any CPU.ActiveCfg = Release|Any CPU
		{B73E8E5E-4C76-4663-8E6F-51E069ECBDE1}.Release|Any CPU.Build.0 = Release|Any CPU
		{B73E8E5E-4C76-4663-8E6F-51E069ECBDE1}.Release|Mixed Platforms.ActiveCfg = Release|Any CPU
		{B73E8E5E-4C76-4663-8E6F-51E069ECBDE1}.Release|Mixed Platforms.Build.0 = Release|Any CPU
		{B73E8E5E-4C76-4663-8E6F-51E069ECBDE1}.Release|x86.ActiveCfg = Release|Any CPU
		{8C02F064-7935-460A-89AA-A77B8511874C}.Debug|Any CPU.ActiveCfg = Debug|Any CPU
		{8C02F064-7935-460A-89AA-A77B8511874C}.Debug|Any CPU.Build.0 = Debug|Any CPU
		{8C02F064-7935-460A-89AA-A77B8511874C}.Debug|Mixed Platforms.ActiveCfg = Debug|Any CPU
		{8C02F064-7935-460A-89AA-A77B8511874C}.Debug|Mixed Platforms.Build.0 = Debug|Any CPU
		{8C02F064-7935-460A-89AA-A77B8511874C}.Debug|x86.ActiveCfg = Debug|Any CPU
		{8C02F064-7935-460A-89AA-A77B8511874C}.Release|Any CPU.ActiveCfg = Release|Any CPU
		{8C02F064-7935-460A-89AA-A77B8511874C}.Release|Any CPU.Build.0 = Release|Any CPU
		{8C02F064-7935-460A-89AA-A77B8511874C}.Release|Mixed Platforms.ActiveCfg = Release|Any CPU
		{8C02F064-7935-460A-89AA-A77B8511874C}.Release|Mixed Platforms.Build.0 = Release|Any CPU
		{8C02F064-7935-460A-89AA-A77B8511874C}.Release|x86.ActiveCfg = Release|Any CPU
		{B75FCD82-56EA-4896-97C3-3FF8D2FBB48A}.Debug|Any CPU.ActiveCfg = Debug|Any CPU
		{B75FCD82-56EA-4896-97C3-3FF8D2FBB48A}.Debug|Any CPU.Build.0 = Debug|Any CPU
		{B75FCD82-56EA-4896-97C3-3FF8D2FBB48A}.Debug|Mixed Platforms.ActiveCfg = Debug|Any CPU
		{B75FCD82-56EA-4896-97C3-3FF8D2FBB48A}.Debug|Mixed Platforms.Build.0 = Debug|Any CPU
		{B75FCD82-56EA-4896-97C3-3FF8D2FBB48A}.Debug|x86.ActiveCfg = Debug|Any CPU
		{B75FCD82-56EA-4896-97C3-3FF8D2FBB48A}.Release|Any CPU.ActiveCfg = Release|Any CPU
		{B75FCD82-56EA-4896-97C3-3FF8D2FBB48A}.Release|Any CPU.Build.0 = Release|Any CPU
		{B75FCD82-56EA-4896-97C3-3FF8D2FBB48A}.Release|Mixed Platforms.ActiveCfg = Release|Any CPU
		{B75FCD82-56EA-4896-97C3-3FF8D2FBB48A}.Release|Mixed Platforms.Build.0 = Release|Any CPU
		{B75FCD82-56EA-4896-97C3-3FF8D2FBB48A}.Release|x86.ActiveCfg = Release|Any CPU
		{F6851722-B036-4747-9312-2365ABCC3B62}.Debug|Any CPU.ActiveCfg = Debug|Any CPU
		{F6851722-B036-4747-9312-2365ABCC3B62}.Debug|Any CPU.Build.0 = Debug|Any CPU
		{F6851722-B036-4747-9312-2365ABCC3B62}.Debug|Mixed Platforms.ActiveCfg = Debug|Any CPU
		{F6851722-B036-4747-9312-2365ABCC3B62}.Debug|Mixed Platforms.Build.0 = Debug|Any CPU
		{F6851722-B036-4747-9312-2365ABCC3B62}.Debug|x86.ActiveCfg = Debug|Any CPU
		{F6851722-B036-4747-9312-2365ABCC3B62}.Release|Any CPU.ActiveCfg = Release|Any CPU
		{F6851722-B036-4747-9312-2365ABCC3B62}.Release|Any CPU.Build.0 = Release|Any CPU
		{F6851722-B036-4747-9312-2365ABCC3B62}.Release|Mixed Platforms.ActiveCfg = Release|Any CPU
		{F6851722-B036-4747-9312-2365ABCC3B62}.Release|Mixed Platforms.Build.0 = Release|Any CPU
		{F6851722-B036-4747-9312-2365ABCC3B62}.Release|x86.ActiveCfg = Release|Any CPU
		{BFAF8820-777C-4B38-9AB1-41735825A0B7}.Debug|Any CPU.ActiveCfg = Debug|Any CPU
		{BFAF8820-777C-4B38-9AB1-41735825A0B7}.Debug|Any CPU.Build.0 = Debug|Any CPU
		{BFAF8820-777C-4B38-9AB1-41735825A0B7}.Debug|Mixed Platforms.ActiveCfg = Debug|Any CPU
		{BFAF8820-777C-4B38-9AB1-41735825A0B7}.Debug|Mixed Platforms.Build.0 = Debug|Any CPU
		{BFAF8820-777C-4B38-9AB1-41735825A0B7}.Debug|x86.ActiveCfg = Debug|Any CPU
		{BFAF8820-777C-4B38-9AB1-41735825A0B7}.Release|Any CPU.ActiveCfg = Release|Any CPU
		{BFAF8820-777C-4B38-9AB1-41735825A0B7}.Release|Any CPU.Build.0 = Release|Any CPU
		{BFAF8820-777C-4B38-9AB1-41735825A0B7}.Release|Mixed Platforms.ActiveCfg = Release|Any CPU
		{BFAF8820-777C-4B38-9AB1-41735825A0B7}.Release|Mixed Platforms.Build.0 = Release|Any CPU
		{BFAF8820-777C-4B38-9AB1-41735825A0B7}.Release|x86.ActiveCfg = Release|Any CPU
		{53B25F33-56FD-4068-9591-F0309FF70E6B}.Debug|Any CPU.ActiveCfg = Debug|Any CPU
		{53B25F33-56FD-4068-9591-F0309FF70E6B}.Debug|Any CPU.Build.0 = Debug|Any CPU
		{53B25F33-56FD-4068-9591-F0309FF70E6B}.Debug|Mixed Platforms.ActiveCfg = Debug|Any CPU
		{53B25F33-56FD-4068-9591-F0309FF70E6B}.Debug|Mixed Platforms.Build.0 = Debug|Any CPU
		{53B25F33-56FD-4068-9591-F0309FF70E6B}.Debug|x86.ActiveCfg = Debug|Any CPU
		{53B25F33-56FD-4068-9591-F0309FF70E6B}.Release|Any CPU.ActiveCfg = Release|Any CPU
		{53B25F33-56FD-4068-9591-F0309FF70E6B}.Release|Any CPU.Build.0 = Release|Any CPU
		{53B25F33-56FD-4068-9591-F0309FF70E6B}.Release|Mixed Platforms.ActiveCfg = Release|Any CPU
		{53B25F33-56FD-4068-9591-F0309FF70E6B}.Release|Mixed Platforms.Build.0 = Release|Any CPU
		{53B25F33-56FD-4068-9591-F0309FF70E6B}.Release|x86.ActiveCfg = Release|Any CPU
		{45EB2927-E864-429E-83A7-7AE187EA3C93}.Debug|Any CPU.ActiveCfg = Debug|Any CPU
		{45EB2927-E864-429E-83A7-7AE187EA3C93}.Debug|Any CPU.Build.0 = Debug|Any CPU
		{45EB2927-E864-429E-83A7-7AE187EA3C93}.Debug|Mixed Platforms.ActiveCfg = Debug|Any CPU
		{45EB2927-E864-429E-83A7-7AE187EA3C93}.Debug|Mixed Platforms.Build.0 = Debug|Any CPU
		{45EB2927-E864-429E-83A7-7AE187EA3C93}.Debug|x86.ActiveCfg = Debug|Any CPU
		{45EB2927-E864-429E-83A7-7AE187EA3C93}.Release|Any CPU.ActiveCfg = Release|Any CPU
		{45EB2927-E864-429E-83A7-7AE187EA3C93}.Release|Any CPU.Build.0 = Release|Any CPU
		{45EB2927-E864-429E-83A7-7AE187EA3C93}.Release|Mixed Platforms.ActiveCfg = Release|Any CPU
		{45EB2927-E864-429E-83A7-7AE187EA3C93}.Release|Mixed Platforms.Build.0 = Release|Any CPU
		{45EB2927-E864-429E-83A7-7AE187EA3C93}.Release|x86.ActiveCfg = Release|Any CPU
		{0E24AEAC-DCC0-4BDD-BA66-93DD236E752C}.Debug|Any CPU.ActiveCfg = Debug|Any CPU
		{0E24AEAC-DCC0-4BDD-BA66-93DD236E752C}.Debug|Any CPU.Build.0 = Debug|Any CPU
		{0E24AEAC-DCC0-4BDD-BA66-93DD236E752C}.Debug|Mixed Platforms.ActiveCfg = Debug|Any CPU
		{0E24AEAC-DCC0-4BDD-BA66-93DD236E752C}.Debug|Mixed Platforms.Build.0 = Debug|Any CPU
		{0E24AEAC-DCC0-4BDD-BA66-93DD236E752C}.Debug|x86.ActiveCfg = Debug|Any CPU
		{0E24AEAC-DCC0-4BDD-BA66-93DD236E752C}.Release|Any CPU.ActiveCfg = Release|Any CPU
		{0E24AEAC-DCC0-4BDD-BA66-93DD236E752C}.Release|Any CPU.Build.0 = Release|Any CPU
		{0E24AEAC-DCC0-4BDD-BA66-93DD236E752C}.Release|Mixed Platforms.ActiveCfg = Release|Any CPU
		{0E24AEAC-DCC0-4BDD-BA66-93DD236E752C}.Release|Mixed Platforms.Build.0 = Release|Any CPU
		{0E24AEAC-DCC0-4BDD-BA66-93DD236E752C}.Release|x86.ActiveCfg = Release|Any CPU
		{8ECDEED1-329A-40BF-9E37-DAA1AEADF555}.Debug|Any CPU.ActiveCfg = Debug|Any CPU
		{8ECDEED1-329A-40BF-9E37-DAA1AEADF555}.Debug|Any CPU.Build.0 = Debug|Any CPU
		{8ECDEED1-329A-40BF-9E37-DAA1AEADF555}.Debug|Mixed Platforms.ActiveCfg = Debug|Any CPU
		{8ECDEED1-329A-40BF-9E37-DAA1AEADF555}.Debug|Mixed Platforms.Build.0 = Debug|Any CPU
		{8ECDEED1-329A-40BF-9E37-DAA1AEADF555}.Debug|x86.ActiveCfg = Debug|Any CPU
		{8ECDEED1-329A-40BF-9E37-DAA1AEADF555}.Release|Any CPU.ActiveCfg = Release|Any CPU
		{8ECDEED1-329A-40BF-9E37-DAA1AEADF555}.Release|Any CPU.Build.0 = Release|Any CPU
		{8ECDEED1-329A-40BF-9E37-DAA1AEADF555}.Release|Mixed Platforms.ActiveCfg = Release|Any CPU
		{8ECDEED1-329A-40BF-9E37-DAA1AEADF555}.Release|Mixed Platforms.Build.0 = Release|Any CPU
		{8ECDEED1-329A-40BF-9E37-DAA1AEADF555}.Release|x86.ActiveCfg = Release|Any CPU
		{372804EF-BB1E-4B18-ACCB-4776EA590258}.Debug|Any CPU.ActiveCfg = Debug|Any CPU
		{372804EF-BB1E-4B18-ACCB-4776EA590258}.Debug|Any CPU.Build.0 = Debug|Any CPU
		{372804EF-BB1E-4B18-ACCB-4776EA590258}.Debug|Mixed Platforms.ActiveCfg = Debug|Any CPU
		{372804EF-BB1E-4B18-ACCB-4776EA590258}.Debug|Mixed Platforms.Build.0 = Debug|Any CPU
		{372804EF-BB1E-4B18-ACCB-4776EA590258}.Debug|x86.ActiveCfg = Debug|Any CPU
		{372804EF-BB1E-4B18-ACCB-4776EA590258}.Release|Any CPU.ActiveCfg = Release|Any CPU
		{372804EF-BB1E-4B18-ACCB-4776EA590258}.Release|Any CPU.Build.0 = Release|Any CPU
		{372804EF-BB1E-4B18-ACCB-4776EA590258}.Release|Mixed Platforms.ActiveCfg = Release|Any CPU
		{372804EF-BB1E-4B18-ACCB-4776EA590258}.Release|Mixed Platforms.Build.0 = Release|Any CPU
		{372804EF-BB1E-4B18-ACCB-4776EA590258}.Release|x86.ActiveCfg = Release|Any CPU
		{202FA2EE-C610-4E2C-8EE0-65A9CFD04563}.Debug|Any CPU.ActiveCfg = Debug|Any CPU
		{202FA2EE-C610-4E2C-8EE0-65A9CFD04563}.Debug|Any CPU.Build.0 = Debug|Any CPU
		{202FA2EE-C610-4E2C-8EE0-65A9CFD04563}.Debug|Mixed Platforms.ActiveCfg = Debug|Any CPU
		{202FA2EE-C610-4E2C-8EE0-65A9CFD04563}.Debug|Mixed Platforms.Build.0 = Debug|Any CPU
		{202FA2EE-C610-4E2C-8EE0-65A9CFD04563}.Debug|x86.ActiveCfg = Debug|Any CPU
		{202FA2EE-C610-4E2C-8EE0-65A9CFD04563}.Release|Any CPU.ActiveCfg = Release|Any CPU
		{202FA2EE-C610-4E2C-8EE0-65A9CFD04563}.Release|Any CPU.Build.0 = Release|Any CPU
		{202FA2EE-C610-4E2C-8EE0-65A9CFD04563}.Release|Mixed Platforms.ActiveCfg = Release|Any CPU
		{202FA2EE-C610-4E2C-8EE0-65A9CFD04563}.Release|Mixed Platforms.Build.0 = Release|Any CPU
		{202FA2EE-C610-4E2C-8EE0-65A9CFD04563}.Release|x86.ActiveCfg = Release|Any CPU
		{896EFDCD-9E4D-4D79-96D3-C5B06DDD4D08}.Debug|Any CPU.ActiveCfg = Debug|Any CPU
		{896EFDCD-9E4D-4D79-96D3-C5B06DDD4D08}.Debug|Any CPU.Build.0 = Debug|Any CPU
		{896EFDCD-9E4D-4D79-96D3-C5B06DDD4D08}.Debug|Mixed Platforms.ActiveCfg = Debug|Any CPU
		{896EFDCD-9E4D-4D79-96D3-C5B06DDD4D08}.Debug|Mixed Platforms.Build.0 = Debug|Any CPU
		{896EFDCD-9E4D-4D79-96D3-C5B06DDD4D08}.Debug|x86.ActiveCfg = Debug|Any CPU
		{896EFDCD-9E4D-4D79-96D3-C5B06DDD4D08}.Release|Any CPU.ActiveCfg = Release|Any CPU
		{896EFDCD-9E4D-4D79-96D3-C5B06DDD4D08}.Release|Any CPU.Build.0 = Release|Any CPU
		{896EFDCD-9E4D-4D79-96D3-C5B06DDD4D08}.Release|Mixed Platforms.ActiveCfg = Release|Any CPU
		{896EFDCD-9E4D-4D79-96D3-C5B06DDD4D08}.Release|Mixed Platforms.Build.0 = Release|Any CPU
		{896EFDCD-9E4D-4D79-96D3-C5B06DDD4D08}.Release|x86.ActiveCfg = Release|Any CPU
		{120E14AC-2439-4C21-B7D2-45359CC23893}.Debug|Any CPU.ActiveCfg = Debug|Any CPU
		{120E14AC-2439-4C21-B7D2-45359CC23893}.Debug|Any CPU.Build.0 = Debug|Any CPU
		{120E14AC-2439-4C21-B7D2-45359CC23893}.Debug|Mixed Platforms.ActiveCfg = Debug|Any CPU
		{120E14AC-2439-4C21-B7D2-45359CC23893}.Debug|Mixed Platforms.Build.0 = Debug|Any CPU
		{120E14AC-2439-4C21-B7D2-45359CC23893}.Debug|x86.ActiveCfg = Debug|Any CPU
		{120E14AC-2439-4C21-B7D2-45359CC23893}.Release|Any CPU.ActiveCfg = Release|Any CPU
		{120E14AC-2439-4C21-B7D2-45359CC23893}.Release|Any CPU.Build.0 = Release|Any CPU
		{120E14AC-2439-4C21-B7D2-45359CC23893}.Release|Mixed Platforms.ActiveCfg = Release|Any CPU
		{120E14AC-2439-4C21-B7D2-45359CC23893}.Release|Mixed Platforms.Build.0 = Release|Any CPU
		{120E14AC-2439-4C21-B7D2-45359CC23893}.Release|x86.ActiveCfg = Release|Any CPU
		{715627F7-FD23-4B4C-B0B0-277FB34D8F60}.Debug|Any CPU.ActiveCfg = Debug|Any CPU
		{715627F7-FD23-4B4C-B0B0-277FB34D8F60}.Debug|Any CPU.Build.0 = Debug|Any CPU
		{715627F7-FD23-4B4C-B0B0-277FB34D8F60}.Debug|Mixed Platforms.ActiveCfg = Debug|Any CPU
		{715627F7-FD23-4B4C-B0B0-277FB34D8F60}.Debug|Mixed Platforms.Build.0 = Debug|Any CPU
		{715627F7-FD23-4B4C-B0B0-277FB34D8F60}.Debug|x86.ActiveCfg = Debug|Any CPU
		{715627F7-FD23-4B4C-B0B0-277FB34D8F60}.Release|Any CPU.ActiveCfg = Release|Any CPU
		{715627F7-FD23-4B4C-B0B0-277FB34D8F60}.Release|Any CPU.Build.0 = Release|Any CPU
		{715627F7-FD23-4B4C-B0B0-277FB34D8F60}.Release|Mixed Platforms.ActiveCfg = Release|Any CPU
		{715627F7-FD23-4B4C-B0B0-277FB34D8F60}.Release|Mixed Platforms.Build.0 = Release|Any CPU
		{715627F7-FD23-4B4C-B0B0-277FB34D8F60}.Release|x86.ActiveCfg = Release|Any CPU
		{7D063F93-F8FB-4958-8670-0C2B405595F9}.Debug|Any CPU.ActiveCfg = Debug|Any CPU
		{7D063F93-F8FB-4958-8670-0C2B405595F9}.Debug|Any CPU.Build.0 = Debug|Any CPU
		{7D063F93-F8FB-4958-8670-0C2B405595F9}.Debug|Mixed Platforms.ActiveCfg = Debug|Any CPU
		{7D063F93-F8FB-4958-8670-0C2B405595F9}.Debug|Mixed Platforms.Build.0 = Debug|Any CPU
		{7D063F93-F8FB-4958-8670-0C2B405595F9}.Debug|x86.ActiveCfg = Debug|Any CPU
		{7D063F93-F8FB-4958-8670-0C2B405595F9}.Release|Any CPU.ActiveCfg = Release|Any CPU
		{7D063F93-F8FB-4958-8670-0C2B405595F9}.Release|Any CPU.Build.0 = Release|Any CPU
		{7D063F93-F8FB-4958-8670-0C2B405595F9}.Release|Mixed Platforms.ActiveCfg = Release|Any CPU
		{7D063F93-F8FB-4958-8670-0C2B405595F9}.Release|Mixed Platforms.Build.0 = Release|Any CPU
		{7D063F93-F8FB-4958-8670-0C2B405595F9}.Release|x86.ActiveCfg = Release|Any CPU
		{A90C4C97-D9B0-428D-96DB-545358714D29}.Debug|Any CPU.ActiveCfg = Debug|Any CPU
		{A90C4C97-D9B0-428D-96DB-545358714D29}.Debug|Any CPU.Build.0 = Debug|Any CPU
		{A90C4C97-D9B0-428D-96DB-545358714D29}.Debug|Mixed Platforms.ActiveCfg = Debug|Any CPU
		{A90C4C97-D9B0-428D-96DB-545358714D29}.Debug|Mixed Platforms.Build.0 = Debug|Any CPU
		{A90C4C97-D9B0-428D-96DB-545358714D29}.Debug|x86.ActiveCfg = Debug|Any CPU
		{A90C4C97-D9B0-428D-96DB-545358714D29}.Release|Any CPU.ActiveCfg = Release|Any CPU
		{A90C4C97-D9B0-428D-96DB-545358714D29}.Release|Any CPU.Build.0 = Release|Any CPU
		{A90C4C97-D9B0-428D-96DB-545358714D29}.Release|Mixed Platforms.ActiveCfg = Release|Any CPU
		{A90C4C97-D9B0-428D-96DB-545358714D29}.Release|Mixed Platforms.Build.0 = Release|Any CPU
		{A90C4C97-D9B0-428D-96DB-545358714D29}.Release|x86.ActiveCfg = Release|Any CPU
		{90DD15A5-7A7A-493C-B848-2974A0AA2C26}.Debug|Any CPU.ActiveCfg = Debug|Any CPU
		{90DD15A5-7A7A-493C-B848-2974A0AA2C26}.Debug|Any CPU.Build.0 = Debug|Any CPU
		{90DD15A5-7A7A-493C-B848-2974A0AA2C26}.Debug|Mixed Platforms.ActiveCfg = Debug|Any CPU
		{90DD15A5-7A7A-493C-B848-2974A0AA2C26}.Debug|Mixed Platforms.Build.0 = Debug|Any CPU
		{90DD15A5-7A7A-493C-B848-2974A0AA2C26}.Debug|x86.ActiveCfg = Debug|Any CPU
		{90DD15A5-7A7A-493C-B848-2974A0AA2C26}.Release|Any CPU.ActiveCfg = Release|Any CPU
		{90DD15A5-7A7A-493C-B848-2974A0AA2C26}.Release|Any CPU.Build.0 = Release|Any CPU
		{90DD15A5-7A7A-493C-B848-2974A0AA2C26}.Release|Mixed Platforms.ActiveCfg = Release|Any CPU
		{90DD15A5-7A7A-493C-B848-2974A0AA2C26}.Release|Mixed Platforms.Build.0 = Release|Any CPU
		{90DD15A5-7A7A-493C-B848-2974A0AA2C26}.Release|x86.ActiveCfg = Release|Any CPU
		{43B63F5E-7824-45E8-A81B-7D01BC569BAD}.Debug|Any CPU.ActiveCfg = Debug|Any CPU
		{43B63F5E-7824-45E8-A81B-7D01BC569BAD}.Debug|Any CPU.Build.0 = Debug|Any CPU
		{43B63F5E-7824-45E8-A81B-7D01BC569BAD}.Debug|Mixed Platforms.ActiveCfg = Debug|Any CPU
		{43B63F5E-7824-45E8-A81B-7D01BC569BAD}.Debug|Mixed Platforms.Build.0 = Debug|Any CPU
		{43B63F5E-7824-45E8-A81B-7D01BC569BAD}.Debug|x86.ActiveCfg = Debug|Any CPU
		{43B63F5E-7824-45E8-A81B-7D01BC569BAD}.Release|Any CPU.ActiveCfg = Release|Any CPU
		{43B63F5E-7824-45E8-A81B-7D01BC569BAD}.Release|Any CPU.Build.0 = Release|Any CPU
		{43B63F5E-7824-45E8-A81B-7D01BC569BAD}.Release|Mixed Platforms.ActiveCfg = Release|Any CPU
		{43B63F5E-7824-45E8-A81B-7D01BC569BAD}.Release|Mixed Platforms.Build.0 = Release|Any CPU
		{43B63F5E-7824-45E8-A81B-7D01BC569BAD}.Release|x86.ActiveCfg = Release|Any CPU
		{CF8CF539-AC9C-4D41-8FB6-4626902B69A3}.Debug|Any CPU.ActiveCfg = Debug|Any CPU
		{CF8CF539-AC9C-4D41-8FB6-4626902B69A3}.Debug|Any CPU.Build.0 = Debug|Any CPU
		{CF8CF539-AC9C-4D41-8FB6-4626902B69A3}.Debug|Mixed Platforms.ActiveCfg = Debug|Any CPU
		{CF8CF539-AC9C-4D41-8FB6-4626902B69A3}.Debug|Mixed Platforms.Build.0 = Debug|Any CPU
		{CF8CF539-AC9C-4D41-8FB6-4626902B69A3}.Debug|x86.ActiveCfg = Debug|Any CPU
		{CF8CF539-AC9C-4D41-8FB6-4626902B69A3}.Release|Any CPU.ActiveCfg = Release|Any CPU
		{CF8CF539-AC9C-4D41-8FB6-4626902B69A3}.Release|Any CPU.Build.0 = Release|Any CPU
		{CF8CF539-AC9C-4D41-8FB6-4626902B69A3}.Release|Mixed Platforms.ActiveCfg = Release|Any CPU
		{CF8CF539-AC9C-4D41-8FB6-4626902B69A3}.Release|Mixed Platforms.Build.0 = Release|Any CPU
		{CF8CF539-AC9C-4D41-8FB6-4626902B69A3}.Release|x86.ActiveCfg = Release|Any CPU
		{76E4C6B7-C2DB-4C39-B684-FAFA3E14EF4B}.Debug|Any CPU.ActiveCfg = Debug|Any CPU
		{76E4C6B7-C2DB-4C39-B684-FAFA3E14EF4B}.Debug|Any CPU.Build.0 = Debug|Any CPU
		{76E4C6B7-C2DB-4C39-B684-FAFA3E14EF4B}.Debug|Mixed Platforms.ActiveCfg = Debug|Any CPU
		{76E4C6B7-C2DB-4C39-B684-FAFA3E14EF4B}.Debug|Mixed Platforms.Build.0 = Debug|Any CPU
		{76E4C6B7-C2DB-4C39-B684-FAFA3E14EF4B}.Debug|x86.ActiveCfg = Debug|Any CPU
		{76E4C6B7-C2DB-4C39-B684-FAFA3E14EF4B}.Release|Any CPU.ActiveCfg = Release|Any CPU
		{76E4C6B7-C2DB-4C39-B684-FAFA3E14EF4B}.Release|Any CPU.Build.0 = Release|Any CPU
		{76E4C6B7-C2DB-4C39-B684-FAFA3E14EF4B}.Release|Mixed Platforms.ActiveCfg = Release|Any CPU
		{76E4C6B7-C2DB-4C39-B684-FAFA3E14EF4B}.Release|Mixed Platforms.Build.0 = Release|Any CPU
		{76E4C6B7-C2DB-4C39-B684-FAFA3E14EF4B}.Release|x86.ActiveCfg = Release|Any CPU
		{697400DF-E733-48C6-98F0-231E1C76C12B}.Debug|Any CPU.ActiveCfg = Debug|Any CPU
		{697400DF-E733-48C6-98F0-231E1C76C12B}.Debug|Any CPU.Build.0 = Debug|Any CPU
		{697400DF-E733-48C6-98F0-231E1C76C12B}.Debug|Mixed Platforms.ActiveCfg = Debug|Any CPU
		{697400DF-E733-48C6-98F0-231E1C76C12B}.Debug|Mixed Platforms.Build.0 = Debug|Any CPU
		{697400DF-E733-48C6-98F0-231E1C76C12B}.Debug|x86.ActiveCfg = Debug|Any CPU
		{697400DF-E733-48C6-98F0-231E1C76C12B}.Release|Any CPU.ActiveCfg = Release|Any CPU
		{697400DF-E733-48C6-98F0-231E1C76C12B}.Release|Any CPU.Build.0 = Release|Any CPU
		{697400DF-E733-48C6-98F0-231E1C76C12B}.Release|Mixed Platforms.ActiveCfg = Release|Any CPU
		{697400DF-E733-48C6-98F0-231E1C76C12B}.Release|Mixed Platforms.Build.0 = Release|Any CPU
		{697400DF-E733-48C6-98F0-231E1C76C12B}.Release|x86.ActiveCfg = Release|Any CPU
		{0B82DDF6-8EAF-4709-9EAE-668BF07B504F}.Debug|Any CPU.ActiveCfg = Debug|Any CPU
		{0B82DDF6-8EAF-4709-9EAE-668BF07B504F}.Debug|Any CPU.Build.0 = Debug|Any CPU
		{0B82DDF6-8EAF-4709-9EAE-668BF07B504F}.Debug|Mixed Platforms.ActiveCfg = Debug|Any CPU
		{0B82DDF6-8EAF-4709-9EAE-668BF07B504F}.Debug|Mixed Platforms.Build.0 = Debug|Any CPU
		{0B82DDF6-8EAF-4709-9EAE-668BF07B504F}.Debug|x86.ActiveCfg = Debug|Any CPU
		{0B82DDF6-8EAF-4709-9EAE-668BF07B504F}.Release|Any CPU.ActiveCfg = Release|Any CPU
		{0B82DDF6-8EAF-4709-9EAE-668BF07B504F}.Release|Any CPU.Build.0 = Release|Any CPU
		{0B82DDF6-8EAF-4709-9EAE-668BF07B504F}.Release|Mixed Platforms.ActiveCfg = Release|Any CPU
		{0B82DDF6-8EAF-4709-9EAE-668BF07B504F}.Release|Mixed Platforms.Build.0 = Release|Any CPU
		{0B82DDF6-8EAF-4709-9EAE-668BF07B504F}.Release|x86.ActiveCfg = Release|Any CPU
		{38727240-FDAF-4085-B278-6DE3841428A0}.Debug|Any CPU.ActiveCfg = Debug|Any CPU
		{38727240-FDAF-4085-B278-6DE3841428A0}.Debug|Any CPU.Build.0 = Debug|Any CPU
		{38727240-FDAF-4085-B278-6DE3841428A0}.Debug|Mixed Platforms.ActiveCfg = Debug|Any CPU
		{38727240-FDAF-4085-B278-6DE3841428A0}.Debug|Mixed Platforms.Build.0 = Debug|Any CPU
		{38727240-FDAF-4085-B278-6DE3841428A0}.Debug|x86.ActiveCfg = Debug|Any CPU
		{38727240-FDAF-4085-B278-6DE3841428A0}.Release|Any CPU.ActiveCfg = Release|Any CPU
		{38727240-FDAF-4085-B278-6DE3841428A0}.Release|Any CPU.Build.0 = Release|Any CPU
		{38727240-FDAF-4085-B278-6DE3841428A0}.Release|Mixed Platforms.ActiveCfg = Release|Any CPU
		{38727240-FDAF-4085-B278-6DE3841428A0}.Release|Mixed Platforms.Build.0 = Release|Any CPU
		{38727240-FDAF-4085-B278-6DE3841428A0}.Release|x86.ActiveCfg = Release|Any CPU
		{19030D7B-7C59-4A57-AEE1-E1E2107F359C}.Debug|Any CPU.ActiveCfg = Debug|Any CPU
		{19030D7B-7C59-4A57-AEE1-E1E2107F359C}.Debug|Any CPU.Build.0 = Debug|Any CPU
		{19030D7B-7C59-4A57-AEE1-E1E2107F359C}.Debug|Mixed Platforms.ActiveCfg = Debug|Any CPU
		{19030D7B-7C59-4A57-AEE1-E1E2107F359C}.Debug|Mixed Platforms.Build.0 = Debug|Any CPU
		{19030D7B-7C59-4A57-AEE1-E1E2107F359C}.Debug|x86.ActiveCfg = Debug|Any CPU
		{19030D7B-7C59-4A57-AEE1-E1E2107F359C}.Release|Any CPU.ActiveCfg = Release|Any CPU
		{19030D7B-7C59-4A57-AEE1-E1E2107F359C}.Release|Any CPU.Build.0 = Release|Any CPU
		{19030D7B-7C59-4A57-AEE1-E1E2107F359C}.Release|Mixed Platforms.ActiveCfg = Release|Any CPU
		{19030D7B-7C59-4A57-AEE1-E1E2107F359C}.Release|Mixed Platforms.Build.0 = Release|Any CPU
		{19030D7B-7C59-4A57-AEE1-E1E2107F359C}.Release|x86.ActiveCfg = Release|Any CPU
		{8C9D80DB-0E03-4B26-AB73-093533AA9610}.Debug|Any CPU.ActiveCfg = Debug|Any CPU
		{8C9D80DB-0E03-4B26-AB73-093533AA9610}.Debug|Any CPU.Build.0 = Debug|Any CPU
		{8C9D80DB-0E03-4B26-AB73-093533AA9610}.Debug|Mixed Platforms.ActiveCfg = Debug|Any CPU
		{8C9D80DB-0E03-4B26-AB73-093533AA9610}.Debug|Mixed Platforms.Build.0 = Debug|Any CPU
		{8C9D80DB-0E03-4B26-AB73-093533AA9610}.Debug|x86.ActiveCfg = Debug|Any CPU
		{8C9D80DB-0E03-4B26-AB73-093533AA9610}.Release|Any CPU.ActiveCfg = Release|Any CPU
		{8C9D80DB-0E03-4B26-AB73-093533AA9610}.Release|Any CPU.Build.0 = Release|Any CPU
		{8C9D80DB-0E03-4B26-AB73-093533AA9610}.Release|Mixed Platforms.ActiveCfg = Release|Any CPU
		{8C9D80DB-0E03-4B26-AB73-093533AA9610}.Release|Mixed Platforms.Build.0 = Release|Any CPU
		{8C9D80DB-0E03-4B26-AB73-093533AA9610}.Release|x86.ActiveCfg = Release|Any CPU
		{FDE29226-F8CD-478A-BE61-A8CC52D2A54F}.Debug|Any CPU.ActiveCfg = Debug|Any CPU
		{FDE29226-F8CD-478A-BE61-A8CC52D2A54F}.Debug|Any CPU.Build.0 = Debug|Any CPU
		{FDE29226-F8CD-478A-BE61-A8CC52D2A54F}.Debug|Mixed Platforms.ActiveCfg = Debug|Any CPU
		{FDE29226-F8CD-478A-BE61-A8CC52D2A54F}.Debug|Mixed Platforms.Build.0 = Debug|Any CPU
		{FDE29226-F8CD-478A-BE61-A8CC52D2A54F}.Debug|x86.ActiveCfg = Debug|Any CPU
		{FDE29226-F8CD-478A-BE61-A8CC52D2A54F}.Release|Any CPU.ActiveCfg = Release|Any CPU
		{FDE29226-F8CD-478A-BE61-A8CC52D2A54F}.Release|Any CPU.Build.0 = Release|Any CPU
		{FDE29226-F8CD-478A-BE61-A8CC52D2A54F}.Release|Mixed Platforms.ActiveCfg = Release|Any CPU
		{FDE29226-F8CD-478A-BE61-A8CC52D2A54F}.Release|Mixed Platforms.Build.0 = Release|Any CPU
		{FDE29226-F8CD-478A-BE61-A8CC52D2A54F}.Release|x86.ActiveCfg = Release|Any CPU
		{0B787532-78F5-4D8C-A457-9ED56B59F323}.Debug|Any CPU.ActiveCfg = Debug|Any CPU
		{0B787532-78F5-4D8C-A457-9ED56B59F323}.Debug|Any CPU.Build.0 = Debug|Any CPU
		{0B787532-78F5-4D8C-A457-9ED56B59F323}.Debug|Mixed Platforms.ActiveCfg = Debug|Any CPU
		{0B787532-78F5-4D8C-A457-9ED56B59F323}.Debug|Mixed Platforms.Build.0 = Debug|Any CPU
		{0B787532-78F5-4D8C-A457-9ED56B59F323}.Debug|x86.ActiveCfg = Debug|Any CPU
		{0B787532-78F5-4D8C-A457-9ED56B59F323}.Release|Any CPU.ActiveCfg = Release|Any CPU
		{0B787532-78F5-4D8C-A457-9ED56B59F323}.Release|Any CPU.Build.0 = Release|Any CPU
		{0B787532-78F5-4D8C-A457-9ED56B59F323}.Release|Mixed Platforms.ActiveCfg = Release|Any CPU
		{0B787532-78F5-4D8C-A457-9ED56B59F323}.Release|Mixed Platforms.Build.0 = Release|Any CPU
		{0B787532-78F5-4D8C-A457-9ED56B59F323}.Release|x86.ActiveCfg = Release|Any CPU
	EndGlobalSection
	GlobalSection(SolutionProperties) = preSolution
		HideSolutionNode = FALSE
	EndGlobalSection
	GlobalSection(NestedProjects) = preSolution
		{F507F2DA-4622-4737-ABBB-D6DE37BAA80F} = {14780052-C3A8-4A47-A221-09744AE53C54}
		{8C02F064-7935-460A-89AA-A77B8511874C} = {4A9D435E-DE4B-4C3D-BFED-521FB1C29405}
		{B75FCD82-56EA-4896-97C3-3FF8D2FBB48A} = {4A9D435E-DE4B-4C3D-BFED-521FB1C29405}
		{F6851722-B036-4747-9312-2365ABCC3B62} = {14780052-C3A8-4A47-A221-09744AE53C54}
		{BFAF8820-777C-4B38-9AB1-41735825A0B7} = {4A9D435E-DE4B-4C3D-BFED-521FB1C29405}
		{53B25F33-56FD-4068-9591-F0309FF70E6B} = {FB5B0D44-C157-4B9D-B475-C652414650D2}
		{45EB2927-E864-429E-83A7-7AE187EA3C93} = {FB5B0D44-C157-4B9D-B475-C652414650D2}
		{A47B6570-AE99-4833-931D-F303F29848F6} = {57C1AD94-610B-4EB4-A56C-01308C0A5C66}
		{0E24AEAC-DCC0-4BDD-BA66-93DD236E752C} = {D441BDE7-3167-4062-8FF2-EF7F3A8DA335}
		{D441BDE7-3167-4062-8FF2-EF7F3A8DA335} = {57C1AD94-610B-4EB4-A56C-01308C0A5C66}
		{372804EF-BB1E-4B18-ACCB-4776EA590258} = {14780052-C3A8-4A47-A221-09744AE53C54}
		{CA2330BB-4885-44B3-AC3F-0C0BDE1943A4} = {57C1AD94-610B-4EB4-A56C-01308C0A5C66}
		{003FD1F7-15A8-46E4-9CB5-2367DDA47574} = {57C1AD94-610B-4EB4-A56C-01308C0A5C66}
		{202FA2EE-C610-4E2C-8EE0-65A9CFD04563} = {003FD1F7-15A8-46E4-9CB5-2367DDA47574}
		{59C93E80-7A11-4B4B-B62A-26D40FDAE7E7} = {57C1AD94-610B-4EB4-A56C-01308C0A5C66}
		{896EFDCD-9E4D-4D79-96D3-C5B06DDD4D08} = {59C93E80-7A11-4B4B-B62A-26D40FDAE7E7}
		{84EAF85E-0730-40EE-9033-F49896F46E52} = {57C1AD94-610B-4EB4-A56C-01308C0A5C66}
		{120E14AC-2439-4C21-B7D2-45359CC23893} = {84EAF85E-0730-40EE-9033-F49896F46E52}
		{61A4CAA3-D7E8-4BA2-89B2-16A1B9855CB2} = {57C1AD94-610B-4EB4-A56C-01308C0A5C66}
		{715627F7-FD23-4B4C-B0B0-277FB34D8F60} = {61A4CAA3-D7E8-4BA2-89B2-16A1B9855CB2}
		{DED24212-F707-472A-81E2-FF6C9B1AA08E} = {57C1AD94-610B-4EB4-A56C-01308C0A5C66}
		{7D063F93-F8FB-4958-8670-0C2B405595F9} = {DED24212-F707-472A-81E2-FF6C9B1AA08E}
		{A90C4C97-D9B0-428D-96DB-545358714D29} = {59C93E80-7A11-4B4B-B62A-26D40FDAE7E7}
		{43B63F5E-7824-45E8-A81B-7D01BC569BAD} = {D441BDE7-3167-4062-8FF2-EF7F3A8DA335}
		{CF8CF539-AC9C-4D41-8FB6-4626902B69A3} = {DED24212-F707-472A-81E2-FF6C9B1AA08E}
		{76E4C6B7-C2DB-4C39-B684-FAFA3E14EF4B} = {A47B6570-AE99-4833-931D-F303F29848F6}
		{697400DF-E733-48C6-98F0-231E1C76C12B} = {CA2330BB-4885-44B3-AC3F-0C0BDE1943A4}
		{0B82DDF6-8EAF-4709-9EAE-668BF07B504F} = {4A9D435E-DE4B-4C3D-BFED-521FB1C29405}
		{636F0318-43DF-4374-A5B0-BA7B15CDAA69} = {57C1AD94-610B-4EB4-A56C-01308C0A5C66}
		{19030D7B-7C59-4A57-AEE1-E1E2107F359C} = {636F0318-43DF-4374-A5B0-BA7B15CDAA69}
		{E2480416-A79F-431D-AA92-4173E852B917} = {57C1AD94-610B-4EB4-A56C-01308C0A5C66}
		{8C9D80DB-0E03-4B26-AB73-093533AA9610} = {E2480416-A79F-431D-AA92-4173E852B917}
		{5DF199BB-1204-4915-9804-520C17F76B57} = {57C1AD94-610B-4EB4-A56C-01308C0A5C66}
		{FDE29226-F8CD-478A-BE61-A8CC52D2A54F} = {5DF199BB-1204-4915-9804-520C17F76B57}
		{227C03A3-4BFF-4C22-9964-81ACDB4BC033} = {57C1AD94-610B-4EB4-A56C-01308C0A5C66}
		{0B787532-78F5-4D8C-A457-9ED56B59F323} = {227C03A3-4BFF-4C22-9964-81ACDB4BC033}
	EndGlobalSection
	GlobalSection(TestCaseManagementSettings) = postSolution
		CategoryFile = ScrumFactory.vsmdi
	EndGlobalSection
EndGlobal
