
Microsoft Visual Studio Solution File, Format Version 12.00
# Visual Studio Express 2013 for Windows Desktop
VisualStudioVersion = 12.0.30324.0
MinimumVisualStudioVersion = 10.0.40219.1
Project("{FAE04EC0-301F-11D3-BF4B-00C04F79EFBC}") = "ScrumFactory.Windows", "ScrumFactory.Windows\ScrumFactory.Windows.csproj", "{F507F2DA-4622-4737-ABBB-D6DE37BAA80F}"
	ProjectSection(ProjectDependencies) = postProject
		{0E24AEAC-DCC0-4BDD-BA66-93DD236E752C} = {0E24AEAC-DCC0-4BDD-BA66-93DD236E752C}
		{76E4C6B7-C2DB-4C39-B684-FAFA3E14EF4B} = {76E4C6B7-C2DB-4C39-B684-FAFA3E14EF4B}
	EndProjectSection
EndProject
Project("{FAE04EC0-301F-11D3-BF4B-00C04F79EFBC}") = "ScrumFactory.Composition", "ScrumFactory.Composition\ScrumFactory.Composition.csproj", "{B08DBAD5-F222-42F7-A277-7C83DAD4596F}"
EndProject
Project("{FAE04EC0-301F-11D3-BF4B-00C04F79EFBC}") = "ScrumFactory", "ScrumFactory\ScrumFactory.csproj", "{B73E8E5E-4C76-4663-8E6F-51E069ECBDE1}"
EndProject
Project("{FAE04EC0-301F-11D3-BF4B-00C04F79EFBC}") = "ScrumFactory.Services", "ScrumFactory.Services\ScrumFactory.Services.csproj", "{8C02F064-7935-460A-89AA-A77B8511874C}"
EndProject
Project("{FAE04EC0-301F-11D3-BF4B-00C04F79EFBC}") = "ScrumFactory.Services.Clients", "ScrumFactory.Services.Clients\ScrumFactory.Services.Clients.csproj", "{B75FCD82-56EA-4896-97C3-3FF8D2FBB48A}"
EndProject
Project("{FAE04EC0-301F-11D3-BF4B-00C04F79EFBC}") = "ScrumFactory.Backlog", "ScrumFactory.Backlog\ScrumFactory.Backlog.csproj", "{0E24AEAC-DCC0-4BDD-BA66-93DD236E752C}"
EndProject
Project("{FAE04EC0-301F-11D3-BF4B-00C04F79EFBC}") = "System.ComponentModel.Composition.Extensions", "System.ComponentModel.Composition.Extensions\System.ComponentModel.Composition.Extensions.csproj", "{8ECDEED1-329A-40BF-9E37-DAA1AEADF555}"
EndProject
Project("{FAE04EC0-301F-11D3-BF4B-00C04F79EFBC}") = "ScrumFactory.Windows.Helpers", "ScrumFactory.Windows.Helpers\ScrumFactory.Windows.Helpers.csproj", "{372804EF-BB1E-4B18-ACCB-4776EA590258}"
EndProject
Project("{FAE04EC0-301F-11D3-BF4B-00C04F79EFBC}") = "ScrumFactory.Login", "ScrumFactory.Login\ScrumFactory.Login.csproj", "{202FA2EE-C610-4E2C-8EE0-65A9CFD04563}"
EndProject
Project("{FAE04EC0-301F-11D3-BF4B-00C04F79EFBC}") = "ScrumFactory.Tasks", "ScrumFactory.Tasks\ScrumFactory.Tasks.csproj", "{896EFDCD-9E4D-4D79-96D3-C5B06DDD4D08}"
EndProject
Project("{FAE04EC0-301F-11D3-BF4B-00C04F79EFBC}") = "ScrumFactory.Reports", "ScrumFactory.Reports\ScrumFactory.Reports.csproj", "{120E14AC-2439-4C21-B7D2-45359CC23893}"
EndProject
Project("{FAE04EC0-301F-11D3-BF4B-00C04F79EFBC}") = "ScrumFactory.Proposals", "ScrumFactory.Proposals\ScrumFactory.Proposals.csproj", "{715627F7-FD23-4B4C-B0B0-277FB34D8F60}"
EndProject
Project("{FAE04EC0-301F-11D3-BF4B-00C04F79EFBC}") = "ScrumFactory.Risks", "ScrumFactory.Risks\ScrumFactory.Risks.csproj", "{7D063F93-F8FB-4958-8670-0C2B405595F9}"
EndProject
Project("{FAE04EC0-301F-11D3-BF4B-00C04F79EFBC}") = "ScrumFactory.Test", "ScrumFactory.Test\ScrumFactory.Test.csproj", "{90DD15A5-7A7A-493C-B848-2974A0AA2C26}"
EndProject
Project("{FAE04EC0-301F-11D3-BF4B-00C04F79EFBC}") = "ScrumFactory.Projects", "ScrumFactory.Projects\ScrumFactory.Projects.csproj", "{76E4C6B7-C2DB-4C39-B684-FAFA3E14EF4B}"
EndProject
Project("{FAE04EC0-301F-11D3-BF4B-00C04F79EFBC}") = "ScrumFactory.Team", "ScrumFactory.Team\ScrumFactory.Team.csproj", "{697400DF-E733-48C6-98F0-231E1C76C12B}"
EndProject
Project("{FAE04EC0-301F-11D3-BF4B-00C04F79EFBC}") = "ScrumFactory.ReportHelper", "ScrumFactory.ReportHelper\ScrumFactory.ReportHelper.csproj", "{38727240-FDAF-4085-B278-6DE3841428A0}"
EndProject
Project("{FAE04EC0-301F-11D3-BF4B-00C04F79EFBC}") = "ScrumFactory.Artifacts", "ScrumFactory.Artifacts\ScrumFactory.Artifacts.csproj", "{19030D7B-7C59-4A57-AEE1-E1E2107F359C}"
EndProject
Project("{FAE04EC0-301F-11D3-BF4B-00C04F79EFBC}") = "ScrumFactory.HelpDeskPlugin", "ScrumFactory.HelpDeskPlugin\ScrumFactory.HelpDeskPlugin.csproj", "{8C9D80DB-0E03-4B26-AB73-093533AA9610}"
EndProject
Project("{FAE04EC0-301F-11D3-BF4B-00C04F79EFBC}") = "ScrumFactory.ProjectConstraints", "ScrumFactory.ProjectContraints\ScrumFactory.ProjectConstraints.csproj", "{FDE29226-F8CD-478A-BE61-A8CC52D2A54F}"
EndProject
Project("{FAE04EC0-301F-11D3-BF4B-00C04F79EFBC}") = "ScrumFactory.FactoryServerConfiguration", "ScrumFactory.FactoryServerConfiguration\ScrumFactory.FactoryServerConfiguration.csproj", "{0B787532-78F5-4D8C-A457-9ED56B59F323}"
EndProject
Global
	GlobalSection(SolutionConfigurationPlatforms) = preSolution
		Debug|Any CPU = Debug|Any CPU
		Debug|Mixed Platforms = Debug|Mixed Platforms
		Debug|x86 = Debug|x86
		Release|Any CPU = Release|Any CPU
		Release|Mixed Platforms = Release|Mixed Platforms
		Release|x86 = Release|x86
	EndGlobalSection
	GlobalSection(ProjectConfigurationPlatforms) = postSolution
		{F507F2DA-4622-4737-ABBB-D6DE37BAA80F}.Debug|Any CPU.ActiveCfg = Debug|x86
		{F507F2DA-4622-4737-ABBB-D6DE37BAA80F}.Debug|Any CPU.Build.0 = Debug|x86
		{F507F2DA-4622-4737-ABBB-D6DE37BAA80F}.Debug|Mixed Platforms.ActiveCfg = Debug|Any CPU
		{F507F2DA-4622-4737-ABBB-D6DE37BAA80F}.Debug|Mixed Platforms.Build.0 = Debug|Any CPU
		{F507F2DA-4622-4737-ABBB-D6DE37BAA80F}.Debug|x86.ActiveCfg = Debug|x86
		{F507F2DA-4622-4737-ABBB-D6DE37BAA80F}.Debug|x86.Build.0 = Debug|x86
		{F507F2DA-4622-4737-ABBB-D6DE37BAA80F}.Release|Any CPU.ActiveCfg = Release|x86
		{F507F2DA-4622-4737-ABBB-D6DE37BAA80F}.Release|Mixed Platforms.ActiveCfg = Release|Any CPU
		{F507F2DA-4622-4737-ABBB-D6DE37BAA80F}.Release|Mixed Platforms.Build.0 = Release|Any CPU
		{F507F2DA-4622-4737-ABBB-D6DE37BAA80F}.Release|x86.ActiveCfg = Release|Any CPU
		{F507F2DA-4622-4737-ABBB-D6DE37BAA80F}.Release|x86.Build.0 = Release|Any CPU
		{B08DBAD5-F222-42F7-A277-7C83DAD4596F}.Debug|Any CPU.ActiveCfg = Debug|Any CPU
		{B08DBAD5-F222-42F7-A277-7C83DAD4596F}.Debug|Any CPU.Build.0 = Debug|Any CPU
		{B08DBAD5-F222-42F7-A277-7C83DAD4596F}.Debug|Mixed Platforms.ActiveCfg = Debug|Any CPU
		{B08DBAD5-F222-42F7-A277-7C83DAD4596F}.Debug|Mixed Platforms.Build.0 = Debug|Any CPU
		{B08DBAD5-F222-42F7-A277-7C83DAD4596F}.Debug|x86.ActiveCfg = Debug|Any CPU
		{B08DBAD5-F222-42F7-A277-7C83DAD4596F}.Debug|x86.Build.0 = Debug|Any CPU
		{B08DBAD5-F222-42F7-A277-7C83DAD4596F}.Release|Any CPU.ActiveCfg = Release|Any CPU
		{B08DBAD5-F222-42F7-A277-7C83DAD4596F}.Release|Any CPU.Build.0 = Release|Any CPU
		{B08DBAD5-F222-42F7-A277-7C83DAD4596F}.Release|Mixed Platforms.ActiveCfg = Release|Any CPU
		{B08DBAD5-F222-42F7-A277-7C83DAD4596F}.Release|Mixed Platforms.Build.0 = Release|Any CPU
		{B08DBAD5-F222-42F7-A277-7C83DAD4596F}.Release|x86.ActiveCfg = Release|Any CPU
		{B08DBAD5-F222-42F7-A277-7C83DAD4596F}.Release|x86.Build.0 = Release|Any CPU
		{B73E8E5E-4C76-4663-8E6F-51E069ECBDE1}.Debug|Any CPU.ActiveCfg = Debug|Any CPU
		{B73E8E5E-4C76-4663-8E6F-51E069ECBDE1}.Debug|Any CPU.Build.0 = Debug|Any CPU
		{B73E8E5E-4C76-4663-8E6F-51E069ECBDE1}.Debug|Mixed Platforms.ActiveCfg = Debug|Any CPU
		{B73E8E5E-4C76-4663-8E6F-51E069ECBDE1}.Debug|Mixed Platforms.Build.0 = Debug|Any CPU
		{B73E8E5E-4C76-4663-8E6F-51E069ECBDE1}.Debug|x86.ActiveCfg = Debug|Any CPU
		{B73E8E5E-4C76-4663-8E6F-51E069ECBDE1}.Debug|x86.Build.0 = Debug|Any CPU
		{B73E8E5E-4C76-4663-8E6F-51E069ECBDE1}.Release|Any CPU.ActiveCfg = Release|Any CPU
		{B73E8E5E-4C76-4663-8E6F-51E069ECBDE1}.Release|Any CPU.Build.0 = Release|Any CPU
		{B73E8E5E-4C76-4663-8E6F-51E069ECBDE1}.Release|Mixed Platforms.ActiveCfg = Release|Any CPU
		{B73E8E5E-4C76-4663-8E6F-51E069ECBDE1}.Release|Mixed Platforms.Build.0 = Release|Any CPU
		{B73E8E5E-4C76-4663-8E6F-51E069ECBDE1}.Release|x86.ActiveCfg = Release|Any CPU
		{B73E8E5E-4C76-4663-8E6F-51E069ECBDE1}.Release|x86.Build.0 = Release|Any CPU
		{8C02F064-7935-460A-89AA-A77B8511874C}.Debug|Any CPU.ActiveCfg = Debug|Any CPU
		{8C02F064-7935-460A-89AA-A77B8511874C}.Debug|Any CPU.Build.0 = Debug|Any CPU
		{8C02F064-7935-460A-89AA-A77B8511874C}.Debug|Mixed Platforms.ActiveCfg = Debug|Any CPU
		{8C02F064-7935-460A-89AA-A77B8511874C}.Debug|Mixed Platforms.Build.0 = Debug|Any CPU
		{8C02F064-7935-460A-89AA-A77B8511874C}.Debug|x86.ActiveCfg = Debug|Any CPU
		{8C02F064-7935-460A-89AA-A77B8511874C}.Debug|x86.Build.0 = Debug|Any CPU
		{8C02F064-7935-460A-89AA-A77B8511874C}.Release|Any CPU.ActiveCfg = Release|Any CPU
		{8C02F064-7935-460A-89AA-A77B8511874C}.Release|Any CPU.Build.0 = Release|Any CPU
		{8C02F064-7935-460A-89AA-A77B8511874C}.Release|Mixed Platforms.ActiveCfg = Release|Any CPU
		{8C02F064-7935-460A-89AA-A77B8511874C}.Release|Mixed Platforms.Build.0 = Release|Any CPU
		{8C02F064-7935-460A-89AA-A77B8511874C}.Release|x86.ActiveCfg = Release|Any CPU
		{8C02F064-7935-460A-89AA-A77B8511874C}.Release|x86.Build.0 = Release|Any CPU
		{B75FCD82-56EA-4896-97C3-3FF8D2FBB48A}.Debug|Any CPU.ActiveCfg = Debug|Any CPU
		{B75FCD82-56EA-4896-97C3-3FF8D2FBB48A}.Debug|Any CPU.Build.0 = Debug|Any CPU
		{B75FCD82-56EA-4896-97C3-3FF8D2FBB48A}.Debug|Mixed Platforms.ActiveCfg = Debug|Any CPU
		{B75FCD82-56EA-4896-97C3-3FF8D2FBB48A}.Debug|Mixed Platforms.Build.0 = Debug|Any CPU
		{B75FCD82-56EA-4896-97C3-3FF8D2FBB48A}.Debug|x86.ActiveCfg = Debug|Any CPU
		{B75FCD82-56EA-4896-97C3-3FF8D2FBB48A}.Debug|x86.Build.0 = Debug|Any CPU
		{B75FCD82-56EA-4896-97C3-3FF8D2FBB48A}.Release|Any CPU.ActiveCfg = Release|Any CPU
		{B75FCD82-56EA-4896-97C3-3FF8D2FBB48A}.Release|Any CPU.Build.0 = Release|Any CPU
		{B75FCD82-56EA-4896-97C3-3FF8D2FBB48A}.Release|Mixed Platforms.ActiveCfg = Release|Any CPU
		{B75FCD82-56EA-4896-97C3-3FF8D2FBB48A}.Release|Mixed Platforms.Build.0 = Release|Any CPU
		{B75FCD82-56EA-4896-97C3-3FF8D2FBB48A}.Release|x86.ActiveCfg = Release|Any CPU
		{B75FCD82-56EA-4896-97C3-3FF8D2FBB48A}.Release|x86.Build.0 = Release|Any CPU
		{0E24AEAC-DCC0-4BDD-BA66-93DD236E752C}.Debug|Any CPU.ActiveCfg = Debug|Any CPU
		{0E24AEAC-DCC0-4BDD-BA66-93DD236E752C}.Debug|Any CPU.Build.0 = Debug|Any CPU
		{0E24AEAC-DCC0-4BDD-BA66-93DD236E752C}.Debug|Mixed Platforms.ActiveCfg = Debug|Any CPU
		{0E24AEAC-DCC0-4BDD-BA66-93DD236E752C}.Debug|Mixed Platforms.Build.0 = Debug|Any CPU
		{0E24AEAC-DCC0-4BDD-BA66-93DD236E752C}.Debug|x86.ActiveCfg = Debug|Any CPU
		{0E24AEAC-DCC0-4BDD-BA66-93DD236E752C}.Debug|x86.Build.0 = Debug|Any CPU
		{0E24AEAC-DCC0-4BDD-BA66-93DD236E752C}.Release|Any CPU.ActiveCfg = Release|Any CPU
		{0E24AEAC-DCC0-4BDD-BA66-93DD236E752C}.Release|Any CPU.Build.0 = Release|Any CPU
		{0E24AEAC-DCC0-4BDD-BA66-93DD236E752C}.Release|Mixed Platforms.ActiveCfg = Release|Any CPU
		{0E24AEAC-DCC0-4BDD-BA66-93DD236E752C}.Release|Mixed Platforms.Build.0 = Release|Any CPU
		{0E24AEAC-DCC0-4BDD-BA66-93DD236E752C}.Release|x86.ActiveCfg = Release|Any CPU
		{0E24AEAC-DCC0-4BDD-BA66-93DD236E752C}.Release|x86.Build.0 = Release|Any CPU
		{8ECDEED1-329A-40BF-9E37-DAA1AEADF555}.Debug|Any CPU.ActiveCfg = Debug|Any CPU
		{8ECDEED1-329A-40BF-9E37-DAA1AEADF555}.Debug|Any CPU.Build.0 = Debug|Any CPU
		{8ECDEED1-329A-40BF-9E37-DAA1AEADF555}.Debug|Mixed Platforms.ActiveCfg = Debug|Any CPU
		{8ECDEED1-329A-40BF-9E37-DAA1AEADF555}.Debug|Mixed Platforms.Build.0 = Debug|Any CPU
		{8ECDEED1-329A-40BF-9E37-DAA1AEADF555}.Debug|x86.ActiveCfg = Debug|Any CPU
		{8ECDEED1-329A-40BF-9E37-DAA1AEADF555}.Debug|x86.Build.0 = Debug|Any CPU
		{8ECDEED1-329A-40BF-9E37-DAA1AEADF555}.Release|Any CPU.ActiveCfg = Release|Any CPU
		{8ECDEED1-329A-40BF-9E37-DAA1AEADF555}.Release|Any CPU.Build.0 = Release|Any CPU
		{8ECDEED1-329A-40BF-9E37-DAA1AEADF555}.Release|Mixed Platforms.ActiveCfg = Release|Any CPU
		{8ECDEED1-329A-40BF-9E37-DAA1AEADF555}.Release|Mixed Platforms.Build.0 = Release|Any CPU
		{8ECDEED1-329A-40BF-9E37-DAA1AEADF555}.Release|x86.ActiveCfg = Release|Any CPU
		{8ECDEED1-329A-40BF-9E37-DAA1AEADF555}.Release|x86.Build.0 = Release|Any CPU
		{372804EF-BB1E-4B18-ACCB-4776EA590258}.Debug|Any CPU.ActiveCfg = Debug|Any CPU
		{372804EF-BB1E-4B18-ACCB-4776EA590258}.Debug|Any CPU.Build.0 = Debug|Any CPU
		{372804EF-BB1E-4B18-ACCB-4776EA590258}.Debug|Mixed Platforms.ActiveCfg = Debug|Any CPU
		{372804EF-BB1E-4B18-ACCB-4776EA590258}.Debug|Mixed Platforms.Build.0 = Debug|Any CPU
		{372804EF-BB1E-4B18-ACCB-4776EA590258}.Debug|x86.ActiveCfg = Debug|Any CPU
		{372804EF-BB1E-4B18-ACCB-4776EA590258}.Debug|x86.Build.0 = Debug|Any CPU
		{372804EF-BB1E-4B18-ACCB-4776EA590258}.Release|Any CPU.ActiveCfg = Release|Any CPU
		{372804EF-BB1E-4B18-ACCB-4776EA590258}.Release|Any CPU.Build.0 = Release|Any CPU
		{372804EF-BB1E-4B18-ACCB-4776EA590258}.Release|Mixed Platforms.ActiveCfg = Release|Any CPU
		{372804EF-BB1E-4B18-ACCB-4776EA590258}.Release|Mixed Platforms.Build.0 = Release|Any CPU
		{372804EF-BB1E-4B18-ACCB-4776EA590258}.Release|x86.ActiveCfg = Release|Any CPU
		{372804EF-BB1E-4B18-ACCB-4776EA590258}.Release|x86.Build.0 = Release|Any CPU
		{202FA2EE-C610-4E2C-8EE0-65A9CFD04563}.Debug|Any CPU.ActiveCfg = Debug|Any CPU
		{202FA2EE-C610-4E2C-8EE0-65A9CFD04563}.Debug|Any CPU.Build.0 = Debug|Any CPU
		{202FA2EE-C610-4E2C-8EE0-65A9CFD04563}.Debug|Mixed Platforms.ActiveCfg = Debug|Any CPU
		{202FA2EE-C610-4E2C-8EE0-65A9CFD04563}.Debug|Mixed Platforms.Build.0 = Debug|Any CPU
		{202FA2EE-C610-4E2C-8EE0-65A9CFD04563}.Debug|x86.ActiveCfg = Debug|Any CPU
		{202FA2EE-C610-4E2C-8EE0-65A9CFD04563}.Debug|x86.Build.0 = Debug|Any CPU
		{202FA2EE-C610-4E2C-8EE0-65A9CFD04563}.Release|Any CPU.ActiveCfg = Release|Any CPU
		{202FA2EE-C610-4E2C-8EE0-65A9CFD04563}.Release|Any CPU.Build.0 = Release|Any CPU
		{202FA2EE-C610-4E2C-8EE0-65A9CFD04563}.Release|Mixed Platforms.ActiveCfg = Release|Any CPU
		{202FA2EE-C610-4E2C-8EE0-65A9CFD04563}.Release|Mixed Platforms.Build.0 = Release|Any CPU
		{202FA2EE-C610-4E2C-8EE0-65A9CFD04563}.Release|x86.ActiveCfg = Release|Any CPU
		{202FA2EE-C610-4E2C-8EE0-65A9CFD04563}.Release|x86.Build.0 = Release|Any CPU
		{896EFDCD-9E4D-4D79-96D3-C5B06DDD4D08}.Debug|Any CPU.ActiveCfg = Debug|Any CPU
		{896EFDCD-9E4D-4D79-96D3-C5B06DDD4D08}.Debug|Any CPU.Build.0 = Debug|Any CPU
		{896EFDCD-9E4D-4D79-96D3-C5B06DDD4D08}.Debug|Mixed Platforms.ActiveCfg = Debug|Any CPU
		{896EFDCD-9E4D-4D79-96D3-C5B06DDD4D08}.Debug|Mixed Platforms.Build.0 = Debug|Any CPU
		{896EFDCD-9E4D-4D79-96D3-C5B06DDD4D08}.Debug|x86.ActiveCfg = Debug|Any CPU
		{896EFDCD-9E4D-4D79-96D3-C5B06DDD4D08}.Debug|x86.Build.0 = Debug|Any CPU
		{896EFDCD-9E4D-4D79-96D3-C5B06DDD4D08}.Release|Any CPU.ActiveCfg = Release|Any CPU
		{896EFDCD-9E4D-4D79-96D3-C5B06DDD4D08}.Release|Any CPU.Build.0 = Release|Any CPU
		{896EFDCD-9E4D-4D79-96D3-C5B06DDD4D08}.Release|Mixed Platforms.ActiveCfg = Release|Any CPU
		{896EFDCD-9E4D-4D79-96D3-C5B06DDD4D08}.Release|Mixed Platforms.Build.0 = Release|Any CPU
		{896EFDCD-9E4D-4D79-96D3-C5B06DDD4D08}.Release|x86.ActiveCfg = Release|Any CPU
		{896EFDCD-9E4D-4D79-96D3-C5B06DDD4D08}.Release|x86.Build.0 = Release|Any CPU
		{120E14AC-2439-4C21-B7D2-45359CC23893}.Debug|Any CPU.ActiveCfg = Debug|Any CPU
		{120E14AC-2439-4C21-B7D2-45359CC23893}.Debug|Any CPU.Build.0 = Debug|Any CPU
		{120E14AC-2439-4C21-B7D2-45359CC23893}.Debug|Mixed Platforms.ActiveCfg = Debug|Any CPU
		{120E14AC-2439-4C21-B7D2-45359CC23893}.Debug|Mixed Platforms.Build.0 = Debug|Any CPU
		{120E14AC-2439-4C21-B7D2-45359CC23893}.Debug|x86.ActiveCfg = Debug|Any CPU
		{120E14AC-2439-4C21-B7D2-45359CC23893}.Debug|x86.Build.0 = Debug|Any CPU
		{120E14AC-2439-4C21-B7D2-45359CC23893}.Release|Any CPU.ActiveCfg = Release|Any CPU
		{120E14AC-2439-4C21-B7D2-45359CC23893}.Release|Any CPU.Build.0 = Release|Any CPU
		{120E14AC-2439-4C21-B7D2-45359CC23893}.Release|Mixed Platforms.ActiveCfg = Release|Any CPU
		{120E14AC-2439-4C21-B7D2-45359CC23893}.Release|Mixed Platforms.Build.0 = Release|Any CPU
		{120E14AC-2439-4C21-B7D2-45359CC23893}.Release|x86.ActiveCfg = Release|Any CPU
		{120E14AC-2439-4C21-B7D2-45359CC23893}.Release|x86.Build.0 = Release|Any CPU
		{715627F7-FD23-4B4C-B0B0-277FB34D8F60}.Debug|Any CPU.ActiveCfg = Debug|Any CPU
		{715627F7-FD23-4B4C-B0B0-277FB34D8F60}.Debug|Any CPU.Build.0 = Debug|Any CPU
		{715627F7-FD23-4B4C-B0B0-277FB34D8F60}.Debug|Mixed Platforms.ActiveCfg = Debug|Any CPU
		{715627F7-FD23-4B4C-B0B0-277FB34D8F60}.Debug|Mixed Platforms.Build.0 = Debug|Any CPU
		{715627F7-FD23-4B4C-B0B0-277FB34D8F60}.Debug|x86.ActiveCfg = Debug|Any CPU
		{715627F7-FD23-4B4C-B0B0-277FB34D8F60}.Debug|x86.Build.0 = Debug|Any CPU
		{715627F7-FD23-4B4C-B0B0-277FB34D8F60}.Release|Any CPU.ActiveCfg = Release|Any CPU
		{715627F7-FD23-4B4C-B0B0-277FB34D8F60}.Release|Any CPU.Build.0 = Release|Any CPU
		{715627F7-FD23-4B4C-B0B0-277FB34D8F60}.Release|Mixed Platforms.ActiveCfg = Release|Any CPU
		{715627F7-FD23-4B4C-B0B0-277FB34D8F60}.Release|Mixed Platforms.Build.0 = Release|Any CPU
		{715627F7-FD23-4B4C-B0B0-277FB34D8F60}.Release|x86.ActiveCfg = Release|Any CPU
		{715627F7-FD23-4B4C-B0B0-277FB34D8F60}.Release|x86.Build.0 = Release|Any CPU
		{7D063F93-F8FB-4958-8670-0C2B405595F9}.Debug|Any CPU.ActiveCfg = Debug|Any CPU
		{7D063F93-F8FB-4958-8670-0C2B405595F9}.Debug|Any CPU.Build.0 = Debug|Any CPU
		{7D063F93-F8FB-4958-8670-0C2B405595F9}.Debug|Mixed Platforms.ActiveCfg = Debug|Any CPU
		{7D063F93-F8FB-4958-8670-0C2B405595F9}.Debug|Mixed Platforms.Build.0 = Debug|Any CPU
		{7D063F93-F8FB-4958-8670-0C2B405595F9}.Debug|x86.ActiveCfg = Debug|Any CPU
		{7D063F93-F8FB-4958-8670-0C2B405595F9}.Debug|x86.Build.0 = Debug|Any CPU
		{7D063F93-F8FB-4958-8670-0C2B405595F9}.Release|Any CPU.ActiveCfg = Release|Any CPU
		{7D063F93-F8FB-4958-8670-0C2B405595F9}.Release|Any CPU.Build.0 = Release|Any CPU
		{7D063F93-F8FB-4958-8670-0C2B405595F9}.Release|Mixed Platforms.ActiveCfg = Release|Any CPU
		{7D063F93-F8FB-4958-8670-0C2B405595F9}.Release|Mixed Platforms.Build.0 = Release|Any CPU
		{7D063F93-F8FB-4958-8670-0C2B405595F9}.Release|x86.ActiveCfg = Release|Any CPU
		{7D063F93-F8FB-4958-8670-0C2B405595F9}.Release|x86.Build.0 = Release|Any CPU
		{90DD15A5-7A7A-493C-B848-2974A0AA2C26}.Debug|Any CPU.ActiveCfg = Debug|Any CPU
		{90DD15A5-7A7A-493C-B848-2974A0AA2C26}.Debug|Any CPU.Build.0 = Debug|Any CPU
		{90DD15A5-7A7A-493C-B848-2974A0AA2C26}.Debug|Mixed Platforms.ActiveCfg = Debug|Any CPU
		{90DD15A5-7A7A-493C-B848-2974A0AA2C26}.Debug|Mixed Platforms.Build.0 = Debug|Any CPU
		{90DD15A5-7A7A-493C-B848-2974A0AA2C26}.Debug|x86.ActiveCfg = Debug|Any CPU
		{90DD15A5-7A7A-493C-B848-2974A0AA2C26}.Debug|x86.Build.0 = Debug|Any CPU
		{90DD15A5-7A7A-493C-B848-2974A0AA2C26}.Release|Any CPU.ActiveCfg = Release|Any CPU
		{90DD15A5-7A7A-493C-B848-2974A0AA2C26}.Release|Any CPU.Build.0 = Release|Any CPU
		{90DD15A5-7A7A-493C-B848-2974A0AA2C26}.Release|Mixed Platforms.ActiveCfg = Release|Any CPU
		{90DD15A5-7A7A-493C-B848-2974A0AA2C26}.Release|Mixed Platforms.Build.0 = Release|Any CPU
		{90DD15A5-7A7A-493C-B848-2974A0AA2C26}.Release|x86.ActiveCfg = Release|Any CPU
		{90DD15A5-7A7A-493C-B848-2974A0AA2C26}.Release|x86.Build.0 = Release|Any CPU
		{76E4C6B7-C2DB-4C39-B684-FAFA3E14EF4B}.Debug|Any CPU.ActiveCfg = Debug|Any CPU
		{76E4C6B7-C2DB-4C39-B684-FAFA3E14EF4B}.Debug|Any CPU.Build.0 = Debug|Any CPU
		{76E4C6B7-C2DB-4C39-B684-FAFA3E14EF4B}.Debug|Mixed Platforms.ActiveCfg = Debug|Any CPU
		{76E4C6B7-C2DB-4C39-B684-FAFA3E14EF4B}.Debug|Mixed Platforms.Build.0 = Debug|Any CPU
		{76E4C6B7-C2DB-4C39-B684-FAFA3E14EF4B}.Debug|x86.ActiveCfg = Debug|Any CPU
		{76E4C6B7-C2DB-4C39-B684-FAFA3E14EF4B}.Debug|x86.Build.0 = Debug|Any CPU
		{76E4C6B7-C2DB-4C39-B684-FAFA3E14EF4B}.Release|Any CPU.ActiveCfg = Release|Any CPU
		{76E4C6B7-C2DB-4C39-B684-FAFA3E14EF4B}.Release|Any CPU.Build.0 = Release|Any CPU
		{76E4C6B7-C2DB-4C39-B684-FAFA3E14EF4B}.Release|Mixed Platforms.ActiveCfg = Release|Any CPU
		{76E4C6B7-C2DB-4C39-B684-FAFA3E14EF4B}.Release|Mixed Platforms.Build.0 = Release|Any CPU
		{76E4C6B7-C2DB-4C39-B684-FAFA3E14EF4B}.Release|x86.ActiveCfg = Release|Any CPU
		{76E4C6B7-C2DB-4C39-B684-FAFA3E14EF4B}.Release|x86.Build.0 = Release|Any CPU
		{697400DF-E733-48C6-98F0-231E1C76C12B}.Debug|Any CPU.ActiveCfg = Debug|Any CPU
		{697400DF-E733-48C6-98F0-231E1C76C12B}.Debug|Any CPU.Build.0 = Debug|Any CPU
		{697400DF-E733-48C6-98F0-231E1C76C12B}.Debug|Mixed Platforms.ActiveCfg = Debug|Any CPU
		{697400DF-E733-48C6-98F0-231E1C76C12B}.Debug|Mixed Platforms.Build.0 = Debug|Any CPU
		{697400DF-E733-48C6-98F0-231E1C76C12B}.Debug|x86.ActiveCfg = Debug|Any CPU
		{697400DF-E733-48C6-98F0-231E1C76C12B}.Debug|x86.Build.0 = Debug|Any CPU
		{697400DF-E733-48C6-98F0-231E1C76C12B}.Release|Any CPU.ActiveCfg = Release|Any CPU
		{697400DF-E733-48C6-98F0-231E1C76C12B}.Release|Any CPU.Build.0 = Release|Any CPU
		{697400DF-E733-48C6-98F0-231E1C76C12B}.Release|Mixed Platforms.ActiveCfg = Release|Any CPU
		{697400DF-E733-48C6-98F0-231E1C76C12B}.Release|Mixed Platforms.Build.0 = Release|Any CPU
		{697400DF-E733-48C6-98F0-231E1C76C12B}.Release|x86.ActiveCfg = Release|Any CPU
		{697400DF-E733-48C6-98F0-231E1C76C12B}.Release|x86.Build.0 = Release|Any CPU
		{38727240-FDAF-4085-B278-6DE3841428A0}.Debug|Any CPU.ActiveCfg = Debug|Any CPU
		{38727240-FDAF-4085-B278-6DE3841428A0}.Debug|Any CPU.Build.0 = Debug|Any CPU
		{38727240-FDAF-4085-B278-6DE3841428A0}.Debug|Mixed Platforms.ActiveCfg = Debug|Any CPU
		{38727240-FDAF-4085-B278-6DE3841428A0}.Debug|Mixed Platforms.Build.0 = Debug|Any CPU
		{38727240-FDAF-4085-B278-6DE3841428A0}.Debug|x86.ActiveCfg = Debug|Any CPU
		{38727240-FDAF-4085-B278-6DE3841428A0}.Debug|x86.Build.0 = Debug|Any CPU
		{38727240-FDAF-4085-B278-6DE3841428A0}.Release|Any CPU.ActiveCfg = Release|Any CPU
		{38727240-FDAF-4085-B278-6DE3841428A0}.Release|Any CPU.Build.0 = Release|Any CPU
		{38727240-FDAF-4085-B278-6DE3841428A0}.Release|Mixed Platforms.ActiveCfg = Release|Any CPU
		{38727240-FDAF-4085-B278-6DE3841428A0}.Release|Mixed Platforms.Build.0 = Release|Any CPU
		{38727240-FDAF-4085-B278-6DE3841428A0}.Release|x86.ActiveCfg = Release|Any CPU
		{38727240-FDAF-4085-B278-6DE3841428A0}.Release|x86.Build.0 = Release|Any CPU
		{19030D7B-7C59-4A57-AEE1-E1E2107F359C}.Debug|Any CPU.ActiveCfg = Debug|Any CPU
		{19030D7B-7C59-4A57-AEE1-E1E2107F359C}.Debug|Any CPU.Build.0 = Debug|Any CPU
		{19030D7B-7C59-4A57-AEE1-E1E2107F359C}.Debug|Mixed Platforms.ActiveCfg = Debug|Any CPU
		{19030D7B-7C59-4A57-AEE1-E1E2107F359C}.Debug|Mixed Platforms.Build.0 = Debug|Any CPU
		{19030D7B-7C59-4A57-AEE1-E1E2107F359C}.Debug|x86.ActiveCfg = Debug|Any CPU
		{19030D7B-7C59-4A57-AEE1-E1E2107F359C}.Debug|x86.Build.0 = Debug|Any CPU
		{19030D7B-7C59-4A57-AEE1-E1E2107F359C}.Release|Any CPU.ActiveCfg = Release|Any CPU
		{19030D7B-7C59-4A57-AEE1-E1E2107F359C}.Release|Any CPU.Build.0 = Release|Any CPU
		{19030D7B-7C59-4A57-AEE1-E1E2107F359C}.Release|Mixed Platforms.ActiveCfg = Release|Any CPU
		{19030D7B-7C59-4A57-AEE1-E1E2107F359C}.Release|Mixed Platforms.Build.0 = Release|Any CPU
		{19030D7B-7C59-4A57-AEE1-E1E2107F359C}.Release|x86.ActiveCfg = Release|Any CPU
		{19030D7B-7C59-4A57-AEE1-E1E2107F359C}.Release|x86.Build.0 = Release|Any CPU
		{8C9D80DB-0E03-4B26-AB73-093533AA9610}.Debug|Any CPU.ActiveCfg = Debug|Any CPU
		{8C9D80DB-0E03-4B26-AB73-093533AA9610}.Debug|Any CPU.Build.0 = Debug|Any CPU
		{8C9D80DB-0E03-4B26-AB73-093533AA9610}.Debug|Mixed Platforms.ActiveCfg = Debug|Any CPU
		{8C9D80DB-0E03-4B26-AB73-093533AA9610}.Debug|Mixed Platforms.Build.0 = Debug|Any CPU
		{8C9D80DB-0E03-4B26-AB73-093533AA9610}.Debug|x86.ActiveCfg = Debug|Any CPU
		{8C9D80DB-0E03-4B26-AB73-093533AA9610}.Debug|x86.Build.0 = Debug|Any CPU
		{8C9D80DB-0E03-4B26-AB73-093533AA9610}.Release|Any CPU.ActiveCfg = Release|Any CPU
		{8C9D80DB-0E03-4B26-AB73-093533AA9610}.Release|Any CPU.Build.0 = Release|Any CPU
		{8C9D80DB-0E03-4B26-AB73-093533AA9610}.Release|Mixed Platforms.ActiveCfg = Release|Any CPU
		{8C9D80DB-0E03-4B26-AB73-093533AA9610}.Release|Mixed Platforms.Build.0 = Release|Any CPU
		{8C9D80DB-0E03-4B26-AB73-093533AA9610}.Release|x86.ActiveCfg = Release|Any CPU
		{8C9D80DB-0E03-4B26-AB73-093533AA9610}.Release|x86.Build.0 = Release|Any CPU
		{FDE29226-F8CD-478A-BE61-A8CC52D2A54F}.Debug|Any CPU.ActiveCfg = Debug|Any CPU
		{FDE29226-F8CD-478A-BE61-A8CC52D2A54F}.Debug|Any CPU.Build.0 = Debug|Any CPU
		{FDE29226-F8CD-478A-BE61-A8CC52D2A54F}.Debug|Mixed Platforms.ActiveCfg = Debug|Any CPU
		{FDE29226-F8CD-478A-BE61-A8CC52D2A54F}.Debug|Mixed Platforms.Build.0 = Debug|Any CPU
		{FDE29226-F8CD-478A-BE61-A8CC52D2A54F}.Debug|x86.ActiveCfg = Debug|Any CPU
		{FDE29226-F8CD-478A-BE61-A8CC52D2A54F}.Debug|x86.Build.0 = Debug|Any CPU
		{FDE29226-F8CD-478A-BE61-A8CC52D2A54F}.Release|Any CPU.ActiveCfg = Release|Any CPU
		{FDE29226-F8CD-478A-BE61-A8CC52D2A54F}.Release|Any CPU.Build.0 = Release|Any CPU
		{FDE29226-F8CD-478A-BE61-A8CC52D2A54F}.Release|Mixed Platforms.ActiveCfg = Release|Any CPU
		{FDE29226-F8CD-478A-BE61-A8CC52D2A54F}.Release|Mixed Platforms.Build.0 = Release|Any CPU
		{FDE29226-F8CD-478A-BE61-A8CC52D2A54F}.Release|x86.ActiveCfg = Release|Any CPU
		{FDE29226-F8CD-478A-BE61-A8CC52D2A54F}.Release|x86.Build.0 = Release|Any CPU
		{0B787532-78F5-4D8C-A457-9ED56B59F323}.Debug|Any CPU.ActiveCfg = Debug|Any CPU
		{0B787532-78F5-4D8C-A457-9ED56B59F323}.Debug|Any CPU.Build.0 = Debug|Any CPU
		{0B787532-78F5-4D8C-A457-9ED56B59F323}.Debug|Mixed Platforms.ActiveCfg = Debug|Any CPU
		{0B787532-78F5-4D8C-A457-9ED56B59F323}.Debug|Mixed Platforms.Build.0 = Debug|Any CPU
		{0B787532-78F5-4D8C-A457-9ED56B59F323}.Debug|x86.ActiveCfg = Debug|Any CPU
		{0B787532-78F5-4D8C-A457-9ED56B59F323}.Release|Any CPU.ActiveCfg = Release|Any CPU
		{0B787532-78F5-4D8C-A457-9ED56B59F323}.Release|Any CPU.Build.0 = Release|Any CPU
		{0B787532-78F5-4D8C-A457-9ED56B59F323}.Release|Mixed Platforms.ActiveCfg = Release|Any CPU
		{0B787532-78F5-4D8C-A457-9ED56B59F323}.Release|Mixed Platforms.Build.0 = Release|Any CPU
		{0B787532-78F5-4D8C-A457-9ED56B59F323}.Release|x86.ActiveCfg = Release|Any CPU
	EndGlobalSection
	GlobalSection(SolutionProperties) = preSolution
		HideSolutionNode = FALSE
	EndGlobalSection
	GlobalSection(TestCaseManagementSettings) = postSolution
		CategoryFile = ScrumFactory.vsmdi
	EndGlobalSection
EndGlobal
