
Microsoft Visual Studio Solution File, Format Version 11.00
# Visual Web Developer Express 2010
Project("{FAE04EC0-301F-11D3-BF4B-00C04F79EFBC}") = "ScrumFactory.Composition", "ScrumFactory.Composition\ScrumFactory.Composition.csproj", "{B08DBAD5-F222-42F7-A277-7C83DAD4596F}"
EndProject
Project("{FAE04EC0-301F-11D3-BF4B-00C04F79EFBC}") = "ScrumFactory", "ScrumFactory\ScrumFactory.csproj", "{B73E8E5E-4C76-4663-8E6F-51E069ECBDE1}"
EndProject
Project("{FAE04EC0-301F-11D3-BF4B-00C04F79EFBC}") = "ScrumFactory.Services", "ScrumFactory.Services\ScrumFactory.Services.csproj", "{8C02F064-7935-460A-89AA-A77B8511874C}"
EndProject
Project("{FAE04EC0-301F-11D3-BF4B-00C04F79EFBC}") = "ScrumFactory.Services.Logic", "ScrumFactory.Services.Logic\ScrumFactory.Services.Logic.csproj", "{BFAF8820-777C-4B38-9AB1-41735825A0B7}"
EndProject
Project("{FAE04EC0-301F-11D3-BF4B-00C04F79EFBC}") = "ScrumFactory.Data", "ScrumFactory.Data\ScrumFactory.Data.csproj", "{53B25F33-56FD-4068-9591-F0309FF70E6B}"
EndProject
Project("{FAE04EC0-301F-11D3-BF4B-00C04F79EFBC}") = "ScrumFactory.Data.Sql", "ScrumFactory.Data.Sql\ScrumFactory.Data.Sql.csproj", "{45EB2927-E864-429E-83A7-7AE187EA3C93}"
EndProject
Project("{FAE04EC0-301F-11D3-BF4B-00C04F79EFBC}") = "System.ComponentModel.Composition.Extensions", "System.ComponentModel.Composition.Extensions\System.ComponentModel.Composition.Extensions.csproj", "{8ECDEED1-329A-40BF-9E37-DAA1AEADF555}"
EndProject
Project("{FAE04EC0-301F-11D3-BF4B-00C04F79EFBC}") = "ScrumFactory.ReportHelper", "ScrumFactory.ReportHelper\ScrumFactory.ReportHelper.csproj", "{38727240-FDAF-4085-B278-6DE3841428A0}"
EndProject
Project("{FAE04EC0-301F-11D3-BF4B-00C04F79EFBC}") = "ScrumFactory.Services.Web", "ScrumFactory.Services.Web\ScrumFactory.Services.Web.csproj", "{F6851722-B036-4747-9312-2365ABCC3B62}"
EndProject
Global
	GlobalSection(SolutionConfigurationPlatforms) = preSolution
		Debug|Any CPU = Debug|Any CPU
		Debug|Mixed Platforms = Debug|Mixed Platforms
		Debug|x86 = Debug|x86
		Release|Any CPU = Release|Any CPU
		Release|Mixed Platforms = Release|Mixed Platforms
		Release|x86 = Release|x86
	EndGlobalSection
	GlobalSection(ProjectConfigurationPlatforms) = postSolution
		{B08DBAD5-F222-42F7-A277-7C83DAD4596F}.Debug|Any CPU.ActiveCfg = Debug|Any CPU
		{B08DBAD5-F222-42F7-A277-7C83DAD4596F}.Debug|Any CPU.Build.0 = Debug|Any CPU
		{B08DBAD5-F222-42F7-A277-7C83DAD4596F}.Debug|Mixed Platforms.ActiveCfg = Debug|Any CPU
		{B08DBAD5-F222-42F7-A277-7C83DAD4596F}.Debug|Mixed Platforms.Build.0 = Debug|Any CPU
		{B08DBAD5-F222-42F7-A277-7C83DAD4596F}.Debug|x86.ActiveCfg = Debug|Any CPU
		{B08DBAD5-F222-42F7-A277-7C83DAD4596F}.Release|Any CPU.ActiveCfg = Release|Any CPU
		{B08DBAD5-F222-42F7-A277-7C83DAD4596F}.Release|Any CPU.Build.0 = Release|Any CPU
		{B08DBAD5-F222-42F7-A277-7C83DAD4596F}.Release|Mixed Platforms.ActiveCfg = Release|Any CPU
		{B08DBAD5-F222-42F7-A277-7C83DAD4596F}.Release|Mixed Platforms.Build.0 = Release|Any CPU
		{B08DBAD5-F222-42F7-A277-7C83DAD4596F}.Release|x86.ActiveCfg = Release|Any CPU
		{B73E8E5E-4C76-4663-8E6F-51E069ECBDE1}.Debug|Any CPU.ActiveCfg = Debug|Any CPU
		{B73E8E5E-4C76-4663-8E6F-51E069ECBDE1}.Debug|Any CPU.Build.0 = Debug|Any CPU
		{B73E8E5E-4C76-4663-8E6F-51E069ECBDE1}.Debug|Mixed Platforms.ActiveCfg = Debug|Any CPU
		{B73E8E5E-4C76-4663-8E6F-51E069ECBDE1}.Debug|Mixed Platforms.Build.0 = Debug|Any CPU
		{B73E8E5E-4C76-4663-8E6F-51E069ECBDE1}.Debug|x86.ActiveCfg = Debug|Any CPU
		{B73E8E5E-4C76-4663-8E6F-51E069ECBDE1}.Release|Any CPU.ActiveCfg = Release|Any CPU
		{B73E8E5E-4C76-4663-8E6F-51E069ECBDE1}.Release|Any CPU.Build.0 = Release|Any CPU
		{B73E8E5E-4C76-4663-8E6F-51E069ECBDE1}.Release|Mixed Platforms.ActiveCfg = Release|Any CPU
		{B73E8E5E-4C76-4663-8E6F-51E069ECBDE1}.Release|Mixed Platforms.Build.0 = Release|Any CPU
		{B73E8E5E-4C76-4663-8E6F-51E069ECBDE1}.Release|x86.ActiveCfg = Release|Any CPU
		{8C02F064-7935-460A-89AA-A77B8511874C}.Debug|Any CPU.ActiveCfg = Debug|Any CPU
		{8C02F064-7935-460A-89AA-A77B8511874C}.Debug|Any CPU.Build.0 = Debug|Any CPU
		{8C02F064-7935-460A-89AA-A77B8511874C}.Debug|Mixed Platforms.ActiveCfg = Debug|Any CPU
		{8C02F064-7935-460A-89AA-A77B8511874C}.Debug|Mixed Platforms.Build.0 = Debug|Any CPU
		{8C02F064-7935-460A-89AA-A77B8511874C}.Debug|x86.ActiveCfg = Debug|Any CPU
		{8C02F064-7935-460A-89AA-A77B8511874C}.Release|Any CPU.ActiveCfg = Release|Any CPU
		{8C02F064-7935-460A-89AA-A77B8511874C}.Release|Any CPU.Build.0 = Release|Any CPU
		{8C02F064-7935-460A-89AA-A77B8511874C}.Release|Mixed Platforms.ActiveCfg = Release|Any CPU
		{8C02F064-7935-460A-89AA-A77B8511874C}.Release|Mixed Platforms.Build.0 = Release|Any CPU
		{8C02F064-7935-460A-89AA-A77B8511874C}.Release|x86.ActiveCfg = Release|Any CPU
		{BFAF8820-777C-4B38-9AB1-41735825A0B7}.Debug|Any CPU.ActiveCfg = Debug|Any CPU
		{BFAF8820-777C-4B38-9AB1-41735825A0B7}.Debug|Any CPU.Build.0 = Debug|Any CPU
		{BFAF8820-777C-4B38-9AB1-41735825A0B7}.Debug|Mixed Platforms.ActiveCfg = Debug|Any CPU
		{BFAF8820-777C-4B38-9AB1-41735825A0B7}.Debug|Mixed Platforms.Build.0 = Debug|Any CPU
		{BFAF8820-777C-4B38-9AB1-41735825A0B7}.Debug|x86.ActiveCfg = Debug|Any CPU
		{BFAF8820-777C-4B38-9AB1-41735825A0B7}.Release|Any CPU.ActiveCfg = Release|Any CPU
		{BFAF8820-777C-4B38-9AB1-41735825A0B7}.Release|Any CPU.Build.0 = Release|Any CPU
		{BFAF8820-777C-4B38-9AB1-41735825A0B7}.Release|Mixed Platforms.ActiveCfg = Release|Any CPU
		{BFAF8820-777C-4B38-9AB1-41735825A0B7}.Release|Mixed Platforms.Build.0 = Release|Any CPU
		{BFAF8820-777C-4B38-9AB1-41735825A0B7}.Release|x86.ActiveCfg = Release|Any CPU
		{53B25F33-56FD-4068-9591-F0309FF70E6B}.Debug|Any CPU.ActiveCfg = Debug|Any CPU
		{53B25F33-56FD-4068-9591-F0309FF70E6B}.Debug|Any CPU.Build.0 = Debug|Any CPU
		{53B25F33-56FD-4068-9591-F0309FF70E6B}.Debug|Mixed Platforms.ActiveCfg = Debug|Any CPU
		{53B25F33-56FD-4068-9591-F0309FF70E6B}.Debug|Mixed Platforms.Build.0 = Debug|Any CPU
		{53B25F33-56FD-4068-9591-F0309FF70E6B}.Debug|x86.ActiveCfg = Debug|Any CPU
		{53B25F33-56FD-4068-9591-F0309FF70E6B}.Release|Any CPU.ActiveCfg = Release|Any CPU
		{53B25F33-56FD-4068-9591-F0309FF70E6B}.Release|Any CPU.Build.0 = Release|Any CPU
		{53B25F33-56FD-4068-9591-F0309FF70E6B}.Release|Mixed Platforms.ActiveCfg = Release|Any CPU
		{53B25F33-56FD-4068-9591-F0309FF70E6B}.Release|Mixed Platforms.Build.0 = Release|Any CPU
		{53B25F33-56FD-4068-9591-F0309FF70E6B}.Release|x86.ActiveCfg = Release|Any CPU
		{45EB2927-E864-429E-83A7-7AE187EA3C93}.Debug|Any CPU.ActiveCfg = Debug|Any CPU
		{45EB2927-E864-429E-83A7-7AE187EA3C93}.Debug|Any CPU.Build.0 = Debug|Any CPU
		{45EB2927-E864-429E-83A7-7AE187EA3C93}.Debug|Mixed Platforms.ActiveCfg = Debug|Any CPU
		{45EB2927-E864-429E-83A7-7AE187EA3C93}.Debug|Mixed Platforms.Build.0 = Debug|Any CPU
		{45EB2927-E864-429E-83A7-7AE187EA3C93}.Debug|x86.ActiveCfg = Debug|Any CPU
		{45EB2927-E864-429E-83A7-7AE187EA3C93}.Release|Any CPU.ActiveCfg = Release|Any CPU
		{45EB2927-E864-429E-83A7-7AE187EA3C93}.Release|Any CPU.Build.0 = Release|Any CPU
		{45EB2927-E864-429E-83A7-7AE187EA3C93}.Release|Mixed Platforms.ActiveCfg = Release|Any CPU
		{45EB2927-E864-429E-83A7-7AE187EA3C93}.Release|Mixed Platforms.Build.0 = Release|Any CPU
		{45EB2927-E864-429E-83A7-7AE187EA3C93}.Release|x86.ActiveCfg = Release|Any CPU
		{8ECDEED1-329A-40BF-9E37-DAA1AEADF555}.Debug|Any CPU.ActiveCfg = Debug|Any CPU
		{8ECDEED1-329A-40BF-9E37-DAA1AEADF555}.Debug|Any CPU.Build.0 = Debug|Any CPU
		{8ECDEED1-329A-40BF-9E37-DAA1AEADF555}.Debug|Mixed Platforms.ActiveCfg = Debug|Any CPU
		{8ECDEED1-329A-40BF-9E37-DAA1AEADF555}.Debug|Mixed Platforms.Build.0 = Debug|Any CPU
		{8ECDEED1-329A-40BF-9E37-DAA1AEADF555}.Debug|x86.ActiveCfg = Debug|Any CPU
		{8ECDEED1-329A-40BF-9E37-DAA1AEADF555}.Release|Any CPU.ActiveCfg = Release|Any CPU
		{8ECDEED1-329A-40BF-9E37-DAA1AEADF555}.Release|Any CPU.Build.0 = Release|Any CPU
		{8ECDEED1-329A-40BF-9E37-DAA1AEADF555}.Release|Mixed Platforms.ActiveCfg = Release|Any CPU
		{8ECDEED1-329A-40BF-9E37-DAA1AEADF555}.Release|Mixed Platforms.Build.0 = Release|Any CPU
		{8ECDEED1-329A-40BF-9E37-DAA1AEADF555}.Release|x86.ActiveCfg = Release|Any CPU
		{38727240-FDAF-4085-B278-6DE3841428A0}.Debug|Any CPU.ActiveCfg = Debug|Any CPU
		{38727240-FDAF-4085-B278-6DE3841428A0}.Debug|Any CPU.Build.0 = Debug|Any CPU
		{38727240-FDAF-4085-B278-6DE3841428A0}.Debug|Mixed Platforms.ActiveCfg = Debug|Any CPU
		{38727240-FDAF-4085-B278-6DE3841428A0}.Debug|Mixed Platforms.Build.0 = Debug|Any CPU
		{38727240-FDAF-4085-B278-6DE3841428A0}.Debug|x86.ActiveCfg = Debug|Any CPU
		{38727240-FDAF-4085-B278-6DE3841428A0}.Release|Any CPU.ActiveCfg = Release|Any CPU
		{38727240-FDAF-4085-B278-6DE3841428A0}.Release|Any CPU.Build.0 = Release|Any CPU
		{38727240-FDAF-4085-B278-6DE3841428A0}.Release|Mixed Platforms.ActiveCfg = Release|Any CPU
		{38727240-FDAF-4085-B278-6DE3841428A0}.Release|Mixed Platforms.Build.0 = Release|Any CPU
		{38727240-FDAF-4085-B278-6DE3841428A0}.Release|x86.ActiveCfg = Release|Any CPU
		{F6851722-B036-4747-9312-2365ABCC3B62}.Debug|Any CPU.ActiveCfg = Debug|Any CPU
		{F6851722-B036-4747-9312-2365ABCC3B62}.Debug|Any CPU.Build.0 = Debug|Any CPU
		{F6851722-B036-4747-9312-2365ABCC3B62}.Debug|Mixed Platforms.ActiveCfg = Debug|Any CPU
		{F6851722-B036-4747-9312-2365ABCC3B62}.Debug|Mixed Platforms.Build.0 = Debug|Any CPU
		{F6851722-B036-4747-9312-2365ABCC3B62}.Debug|x86.ActiveCfg = Debug|Any CPU
		{F6851722-B036-4747-9312-2365ABCC3B62}.Release|Any CPU.ActiveCfg = Release|Any CPU
		{F6851722-B036-4747-9312-2365ABCC3B62}.Release|Any CPU.Build.0 = Release|Any CPU
		{F6851722-B036-4747-9312-2365ABCC3B62}.Release|Mixed Platforms.ActiveCfg = Release|Any CPU
		{F6851722-B036-4747-9312-2365ABCC3B62}.Release|Mixed Platforms.Build.0 = Release|Any CPU
		{F6851722-B036-4747-9312-2365ABCC3B62}.Release|x86.ActiveCfg = Release|Any CPU
	EndGlobalSection
	GlobalSection(SolutionProperties) = preSolution
		HideSolutionNode = FALSE
	EndGlobalSection
	GlobalSection(TestCaseManagementSettings) = postSolution
		CategoryFile = ScrumFactory.vsmdi
	EndGlobalSection
	GlobalSection(NestedProjects) = preSolution
		{F6851722-B036-4747-9312-2365ABCC3B62} = {14780052-C3A8-4A47-A221-09744AE53C54}
		{F507F2DA-4622-4737-ABBB-D6DE37BAA80F} = {14780052-C3A8-4A47-A221-09744AE53C54}
		{372804EF-BB1E-4B18-ACCB-4776EA590258} = {14780052-C3A8-4A47-A221-09744AE53C54}
		{B75FCD82-56EA-4896-97C3-3FF8D2FBB48A} = {4A9D435E-DE4B-4C3D-BFED-521FB1C29405}
		{BFAF8820-777C-4B38-9AB1-41735825A0B7} = {4A9D435E-DE4B-4C3D-BFED-521FB1C29405}
		{8C02F064-7935-460A-89AA-A77B8511874C} = {4A9D435E-DE4B-4C3D-BFED-521FB1C29405}
		{45EB2927-E864-429E-83A7-7AE187EA3C93} = {FB5B0D44-C157-4B9D-B475-C652414650D2}
		{53B25F33-56FD-4068-9591-F0309FF70E6B} = {FB5B0D44-C157-4B9D-B475-C652414650D2}
		{A47B6570-AE99-4833-931D-F303F29848F6} = {57C1AD94-610B-4EB4-A56C-01308C0A5C66}
		{D441BDE7-3167-4062-8FF2-EF7F3A8DA335} = {57C1AD94-610B-4EB4-A56C-01308C0A5C66}
		{CA2330BB-4885-44B3-AC3F-0C0BDE1943A4} = {57C1AD94-610B-4EB4-A56C-01308C0A5C66}
		{003FD1F7-15A8-46E4-9CB5-2367DDA47574} = {57C1AD94-610B-4EB4-A56C-01308C0A5C66}
		{59C93E80-7A11-4B4B-B62A-26D40FDAE7E7} = {57C1AD94-610B-4EB4-A56C-01308C0A5C66}
		{84EAF85E-0730-40EE-9033-F49896F46E52} = {57C1AD94-610B-4EB4-A56C-01308C0A5C66}
		{61A4CAA3-D7E8-4BA2-89B2-16A1B9855CB2} = {57C1AD94-610B-4EB4-A56C-01308C0A5C66}
		{DED24212-F707-472A-81E2-FF6C9B1AA08E} = {57C1AD94-610B-4EB4-A56C-01308C0A5C66}
		{636F0318-43DF-4374-A5B0-BA7B15CDAA69} = {57C1AD94-610B-4EB4-A56C-01308C0A5C66}
		{76E4C6B7-C2DB-4C39-B684-FAFA3E14EF4B} = {A47B6570-AE99-4833-931D-F303F29848F6}
		{0E24AEAC-DCC0-4BDD-BA66-93DD236E752C} = {D441BDE7-3167-4062-8FF2-EF7F3A8DA335}
		{43B63F5E-7824-45E8-A81B-7D01BC569BAD} = {D441BDE7-3167-4062-8FF2-EF7F3A8DA335}
		{697400DF-E733-48C6-98F0-231E1C76C12B} = {CA2330BB-4885-44B3-AC3F-0C0BDE1943A4}
		{0B82DDF6-8EAF-4709-9EAE-668BF07B504F} = {CA2330BB-4885-44B3-AC3F-0C0BDE1943A4}
		{202FA2EE-C610-4E2C-8EE0-65A9CFD04563} = {003FD1F7-15A8-46E4-9CB5-2367DDA47574}
		{896EFDCD-9E4D-4D79-96D3-C5B06DDD4D08} = {59C93E80-7A11-4B4B-B62A-26D40FDAE7E7}
		{A90C4C97-D9B0-428D-96DB-545358714D29} = {59C93E80-7A11-4B4B-B62A-26D40FDAE7E7}
		{120E14AC-2439-4C21-B7D2-45359CC23893} = {84EAF85E-0730-40EE-9033-F49896F46E52}
		{715627F7-FD23-4B4C-B0B0-277FB34D8F60} = {61A4CAA3-D7E8-4BA2-89B2-16A1B9855CB2}
		{7059D6F7-5534-4761-98D8-9F2040C6123C} = {B3C45D42-1727-4ECE-BE3B-5E00432BEE56}
		{1F0BE025-1667-4A4D-8A28-54009BB5097B} = {B3C45D42-1727-4ECE-BE3B-5E00432BEE56}
		{7D063F93-F8FB-4958-8670-0C2B405595F9} = {DED24212-F707-472A-81E2-FF6C9B1AA08E}
		{CF8CF539-AC9C-4D41-8FB6-4626902B69A3} = {DED24212-F707-472A-81E2-FF6C9B1AA08E}
		{19030D7B-7C59-4A57-AEE1-E1E2107F359C} = {636F0318-43DF-4374-A5B0-BA7B15CDAA69}
	EndGlobalSection
EndGlobal
